
Microsoft Visual Studio Solution File, Format Version 12.00
# Visual Studio 14
VisualStudioVersion = 14.0.25420.1
MinimumVisualStudioVersion = 10.0.40219.1
Project("{FAE04EC0-301F-11D3-BF4B-00C04F79EFBC}") = "LINQtoXSDLib", "..\..\QTIUtility\LINQtoXSDLib\LINQtoXSDLib\LINQtoXSDLib.csproj", "{260DE95F-A945-469F-A79C-38EED50F6171}"
EndProject
Project("{FAE04EC0-301F-11D3-BF4B-00C04F79EFBC}") = "EACDMLinqUtiliy", "EACDMLinqUtiliy\EACDMLinqUtiliy.csproj", "{91FC66BD-F032-44F9-9D06-BBDF367D3754}"
EndProject
Project("{FAE04EC0-301F-11D3-BF4B-00C04F79EFBC}") = "BWTest", "BWTest\BWTest.csproj", "{B2911C35-35AF-4248-9FD8-CB9F87CBE524}"
EndProject
Project("{FAE04EC0-301F-11D3-BF4B-00C04F79EFBC}") = "BbEmail", "BbEmail\BbEmail.csproj", "{4A38918E-859A-4F2A-8424-F70FE43C9931}"
EndProject
Project("{FAE04EC0-301F-11D3-BF4B-00C04F79EFBC}") = "EACMsiMaker", "..\EACMsiMaker\EACMsiMaker\EACMsiMaker.csproj", "{77A6B5BC-ED19-4F39-847B-0D85D8612DE6}"
EndProject
Project("{FAE04EC0-301F-11D3-BF4B-00C04F79EFBC}") = "EacFtpZip", "..\EacFtpZip\EacFtpZip\EacFtpZip.csproj", "{C29D98AC-8C49-4907-9954-A0CEAA3E20F9}"
EndProject
Project("{FAE04EC0-301F-11D3-BF4B-00C04F79EFBC}") = "HexNumbers", "..\HexNumbers\HexNumbers\HexNumbers.csproj", "{30117C2C-23F3-4816-9A93-43B495B43571}"
EndProject
Project("{2150E333-8FDC-42A3-9474-1A3956D46DE8}") = "Solution Items", "Solution Items", "{B510ABB2-1802-472B-AF68-5BE830260061}"
EndProject
Project("{FAE04EC0-301F-11D3-BF4B-00C04F79EFBC}") = "EACApp", "..\EACApp\EACApp\EACApp.csproj", "{2D5F9B54-C3D0-49C6-9AAE-D21182CD5890}"
EndProject
Project("{FAE04EC0-301F-11D3-BF4B-00C04F79EFBC}") = "OzarksFix", "..\OzarksFix\OzarksFix\OzarksFix.csproj", "{4C412078-1930-43F3-B2B4-5063D520BFE4}"
EndProject
Project("{FAE04EC0-301F-11D3-BF4B-00C04F79EFBC}") = "PeerReviewList", "PeerReviewList\PeerReviewList\PeerReviewList.csproj", "{A78572D2-2116-4052-B7A6-5324FF764B14}"
EndProject
Project("{FAE04EC0-301F-11D3-BF4B-00C04F79EFBC}") = "setup", "..\Setup\setup\setup.csproj", "{67192C0B-50E9-40D9-B1F0-0A4233586D92}"
EndProject
Project("{FAE04EC0-301F-11D3-BF4B-00C04F79EFBC}") = "QTIUtility", "..\..\QTIUtility\QTIUtility\QTIUtility.csproj", "{56499D73-333B-4667-A123-D44D180429C4}"
EndProject
Global
	GlobalSection(SolutionConfigurationPlatforms) = preSolution
		CD_ROM|Any CPU = CD_ROM|Any CPU
		CD_ROM|Mixed Platforms = CD_ROM|Mixed Platforms
		CD_ROM|x64 = CD_ROM|x64
		CD_ROM|x86 = CD_ROM|x86
		Debug 1.8|Any CPU = Debug 1.8|Any CPU
		Debug 1.8|Mixed Platforms = Debug 1.8|Mixed Platforms
		Debug 1.8|x64 = Debug 1.8|x64
		Debug 1.8|x86 = Debug 1.8|x86
		Debug 1.9|Any CPU = Debug 1.9|Any CPU
		Debug 1.9|Mixed Platforms = Debug 1.9|Mixed Platforms
		Debug 1.9|x64 = Debug 1.9|x64
		Debug 1.9|x86 = Debug 1.9|x86
		Debug|Any CPU = Debug|Any CPU
		Debug|Mixed Platforms = Debug|Mixed Platforms
		Debug|x64 = Debug|x64
		Debug|x86 = Debug|x86
		DVD-5|Any CPU = DVD-5|Any CPU
		DVD-5|Mixed Platforms = DVD-5|Mixed Platforms
		DVD-5|x64 = DVD-5|x64
		DVD-5|x86 = DVD-5|x86
		Enterprise anonymous|Any CPU = Enterprise anonymous|Any CPU
		Enterprise anonymous|Mixed Platforms = Enterprise anonymous|Mixed Platforms
		Enterprise anonymous|x64 = Enterprise anonymous|x64
		Enterprise anonymous|x86 = Enterprise anonymous|x86
		Enterprise non-anonymous|Any CPU = Enterprise non-anonymous|Any CPU
		Enterprise non-anonymous|Mixed Platforms = Enterprise non-anonymous|Mixed Platforms
		Enterprise non-anonymous|x64 = Enterprise non-anonymous|x64
		Enterprise non-anonymous|x86 = Enterprise non-anonymous|x86
		Instructor|Any CPU = Instructor|Any CPU
		Instructor|Mixed Platforms = Instructor|Mixed Platforms
		Instructor|x64 = Instructor|x64
		Instructor|x86 = Instructor|x86
		Release|Any CPU = Release|Any CPU
		Release|Mixed Platforms = Release|Mixed Platforms
		Release|x64 = Release|x64
		Release|x86 = Release|x86
		SingleImage|Any CPU = SingleImage|Any CPU
		SingleImage|Mixed Platforms = SingleImage|Mixed Platforms
		SingleImage|x64 = SingleImage|x64
		SingleImage|x86 = SingleImage|x86
	EndGlobalSection
	GlobalSection(ProjectConfigurationPlatforms) = postSolution
		{260DE95F-A945-469F-A79C-38EED50F6171}.CD_ROM|Any CPU.ActiveCfg = Enterprise anonymous|x86
		{260DE95F-A945-469F-A79C-38EED50F6171}.CD_ROM|Mixed Platforms.ActiveCfg = Enterprise anonymous|x86
		{260DE95F-A945-469F-A79C-38EED50F6171}.CD_ROM|Mixed Platforms.Build.0 = Enterprise anonymous|x86
		{260DE95F-A945-469F-A79C-38EED50F6171}.CD_ROM|x64.ActiveCfg = Enterprise anonymous|x64
		{260DE95F-A945-469F-A79C-38EED50F6171}.CD_ROM|x64.Build.0 = Enterprise anonymous|x64
		{260DE95F-A945-469F-A79C-38EED50F6171}.CD_ROM|x86.ActiveCfg = Enterprise anonymous|x86
		{260DE95F-A945-469F-A79C-38EED50F6171}.CD_ROM|x86.Build.0 = Enterprise anonymous|x86
		{260DE95F-A945-469F-A79C-38EED50F6171}.Debug 1.8|Any CPU.ActiveCfg = Debug|x86
		{260DE95F-A945-469F-A79C-38EED50F6171}.Debug 1.8|Mixed Platforms.ActiveCfg = Debug|x86
		{260DE95F-A945-469F-A79C-38EED50F6171}.Debug 1.8|Mixed Platforms.Build.0 = Debug|x86
		{260DE95F-A945-469F-A79C-38EED50F6171}.Debug 1.8|x64.ActiveCfg = Debug|x64
		{260DE95F-A945-469F-A79C-38EED50F6171}.Debug 1.8|x64.Build.0 = Debug|x64
		{260DE95F-A945-469F-A79C-38EED50F6171}.Debug 1.8|x86.ActiveCfg = Debug|x86
		{260DE95F-A945-469F-A79C-38EED50F6171}.Debug 1.8|x86.Build.0 = Debug|x86
		{260DE95F-A945-469F-A79C-38EED50F6171}.Debug 1.9|Any CPU.ActiveCfg = Debug|x86
		{260DE95F-A945-469F-A79C-38EED50F6171}.Debug 1.9|Mixed Platforms.ActiveCfg = Debug|x86
		{260DE95F-A945-469F-A79C-38EED50F6171}.Debug 1.9|Mixed Platforms.Build.0 = Debug|x86
		{260DE95F-A945-469F-A79C-38EED50F6171}.Debug 1.9|x64.ActiveCfg = Debug|x64
		{260DE95F-A945-469F-A79C-38EED50F6171}.Debug 1.9|x64.Build.0 = Debug|x64
		{260DE95F-A945-469F-A79C-38EED50F6171}.Debug 1.9|x86.ActiveCfg = Debug|x86
		{260DE95F-A945-469F-A79C-38EED50F6171}.Debug 1.9|x86.Build.0 = Debug|x86
		{260DE95F-A945-469F-A79C-38EED50F6171}.Debug|Any CPU.ActiveCfg = Debug|x86
		{260DE95F-A945-469F-A79C-38EED50F6171}.Debug|Any CPU.Build.0 = Debug|x86
		{260DE95F-A945-469F-A79C-38EED50F6171}.Debug|Mixed Platforms.ActiveCfg = Debug|x86
		{260DE95F-A945-469F-A79C-38EED50F6171}.Debug|x64.ActiveCfg = Debug|x64
		{260DE95F-A945-469F-A79C-38EED50F6171}.Debug|x64.Build.0 = Debug|x64
		{260DE95F-A945-469F-A79C-38EED50F6171}.Debug|x86.ActiveCfg = Debug|x86
		{260DE95F-A945-469F-A79C-38EED50F6171}.Debug|x86.Build.0 = Debug|x86
		{260DE95F-A945-469F-A79C-38EED50F6171}.DVD-5|Any CPU.ActiveCfg = Debug|x86
		{260DE95F-A945-469F-A79C-38EED50F6171}.DVD-5|Mixed Platforms.ActiveCfg = Debug|x86
		{260DE95F-A945-469F-A79C-38EED50F6171}.DVD-5|Mixed Platforms.Build.0 = Debug|x86
		{260DE95F-A945-469F-A79C-38EED50F6171}.DVD-5|x64.ActiveCfg = Debug|x64
		{260DE95F-A945-469F-A79C-38EED50F6171}.DVD-5|x64.Build.0 = Debug|x64
		{260DE95F-A945-469F-A79C-38EED50F6171}.DVD-5|x86.ActiveCfg = Debug|x86
		{260DE95F-A945-469F-A79C-38EED50F6171}.DVD-5|x86.Build.0 = Debug|x86
		{260DE95F-A945-469F-A79C-38EED50F6171}.Enterprise anonymous|Any CPU.ActiveCfg = Enterprise anonymous|Any CPU
		{260DE95F-A945-469F-A79C-38EED50F6171}.Enterprise anonymous|Any CPU.Build.0 = Enterprise anonymous|Any CPU
		{260DE95F-A945-469F-A79C-38EED50F6171}.Enterprise anonymous|Mixed Platforms.ActiveCfg = Enterprise anonymous|x86
		{260DE95F-A945-469F-A79C-38EED50F6171}.Enterprise anonymous|Mixed Platforms.Build.0 = Enterprise anonymous|x86
		{260DE95F-A945-469F-A79C-38EED50F6171}.Enterprise anonymous|x64.ActiveCfg = Enterprise anonymous|x64
		{260DE95F-A945-469F-A79C-38EED50F6171}.Enterprise anonymous|x64.Build.0 = Enterprise anonymous|x64
		{260DE95F-A945-469F-A79C-38EED50F6171}.Enterprise anonymous|x86.ActiveCfg = Enterprise anonymous|x86
		{260DE95F-A945-469F-A79C-38EED50F6171}.Enterprise anonymous|x86.Build.0 = Enterprise anonymous|x86
		{260DE95F-A945-469F-A79C-38EED50F6171}.Enterprise non-anonymous|Any CPU.ActiveCfg = Enterprise non-anonymous|Any CPU
		{260DE95F-A945-469F-A79C-38EED50F6171}.Enterprise non-anonymous|Any CPU.Build.0 = Enterprise non-anonymous|Any CPU
		{260DE95F-A945-469F-A79C-38EED50F6171}.Enterprise non-anonymous|Mixed Platforms.ActiveCfg = Enterprise non-anonymous|x86
		{260DE95F-A945-469F-A79C-38EED50F6171}.Enterprise non-anonymous|Mixed Platforms.Build.0 = Enterprise non-anonymous|x86
		{260DE95F-A945-469F-A79C-38EED50F6171}.Enterprise non-anonymous|x64.ActiveCfg = Enterprise non-anonymous|x64
		{260DE95F-A945-469F-A79C-38EED50F6171}.Enterprise non-anonymous|x64.Build.0 = Enterprise non-anonymous|x64
		{260DE95F-A945-469F-A79C-38EED50F6171}.Enterprise non-anonymous|x86.ActiveCfg = Enterprise non-anonymous|x86
		{260DE95F-A945-469F-A79C-38EED50F6171}.Enterprise non-anonymous|x86.Build.0 = Enterprise non-anonymous|x86
		{260DE95F-A945-469F-A79C-38EED50F6171}.Instructor|Any CPU.ActiveCfg = Instructor|Any CPU
		{260DE95F-A945-469F-A79C-38EED50F6171}.Instructor|Any CPU.Build.0 = Instructor|Any CPU
		{260DE95F-A945-469F-A79C-38EED50F6171}.Instructor|Mixed Platforms.ActiveCfg = Instructor|x86
		{260DE95F-A945-469F-A79C-38EED50F6171}.Instructor|Mixed Platforms.Build.0 = Instructor|x86
		{260DE95F-A945-469F-A79C-38EED50F6171}.Instructor|x64.ActiveCfg = Instructor|x64
		{260DE95F-A945-469F-A79C-38EED50F6171}.Instructor|x64.Build.0 = Instructor|x64
		{260DE95F-A945-469F-A79C-38EED50F6171}.Instructor|x86.ActiveCfg = Instructor|x86
		{260DE95F-A945-469F-A79C-38EED50F6171}.Instructor|x86.Build.0 = Instructor|x86
		{260DE95F-A945-469F-A79C-38EED50F6171}.Release|Any CPU.ActiveCfg = Release|Any CPU
		{260DE95F-A945-469F-A79C-38EED50F6171}.Release|Any CPU.Build.0 = Release|Any CPU
		{260DE95F-A945-469F-A79C-38EED50F6171}.Release|Mixed Platforms.ActiveCfg = Release|x86
		{260DE95F-A945-469F-A79C-38EED50F6171}.Release|Mixed Platforms.Build.0 = Release|x86
		{260DE95F-A945-469F-A79C-38EED50F6171}.Release|x64.ActiveCfg = Release|x64
		{260DE95F-A945-469F-A79C-38EED50F6171}.Release|x64.Build.0 = Release|x64
		{260DE95F-A945-469F-A79C-38EED50F6171}.Release|x86.ActiveCfg = Release|Any CPU
		{260DE95F-A945-469F-A79C-38EED50F6171}.Release|x86.Build.0 = Release|Any CPU
		{260DE95F-A945-469F-A79C-38EED50F6171}.SingleImage|Any CPU.ActiveCfg = Enterprise anonymous|x86
		{260DE95F-A945-469F-A79C-38EED50F6171}.SingleImage|Mixed Platforms.ActiveCfg = Enterprise anonymous|x86
		{260DE95F-A945-469F-A79C-38EED50F6171}.SingleImage|Mixed Platforms.Build.0 = Enterprise anonymous|x86
		{260DE95F-A945-469F-A79C-38EED50F6171}.SingleImage|x64.ActiveCfg = Enterprise anonymous|x64
		{260DE95F-A945-469F-A79C-38EED50F6171}.SingleImage|x64.Build.0 = Enterprise anonymous|x64
		{260DE95F-A945-469F-A79C-38EED50F6171}.SingleImage|x86.ActiveCfg = Enterprise anonymous|x86
		{260DE95F-A945-469F-A79C-38EED50F6171}.SingleImage|x86.Build.0 = Enterprise anonymous|x86
		{91FC66BD-F032-44F9-9D06-BBDF367D3754}.CD_ROM|Any CPU.ActiveCfg = Release|x86
		{91FC66BD-F032-44F9-9D06-BBDF367D3754}.CD_ROM|Mixed Platforms.ActiveCfg = Release|x86
		{91FC66BD-F032-44F9-9D06-BBDF367D3754}.CD_ROM|Mixed Platforms.Build.0 = Release|x86
		{91FC66BD-F032-44F9-9D06-BBDF367D3754}.CD_ROM|x64.ActiveCfg = Debug|Any CPU
		{91FC66BD-F032-44F9-9D06-BBDF367D3754}.CD_ROM|x64.Build.0 = Debug|Any CPU
		{91FC66BD-F032-44F9-9D06-BBDF367D3754}.CD_ROM|x86.ActiveCfg = Release|x86
		{91FC66BD-F032-44F9-9D06-BBDF367D3754}.CD_ROM|x86.Build.0 = Release|x86
		{91FC66BD-F032-44F9-9D06-BBDF367D3754}.Debug 1.8|Any CPU.ActiveCfg = Debug|x86
		{91FC66BD-F032-44F9-9D06-BBDF367D3754}.Debug 1.8|Mixed Platforms.ActiveCfg = Debug|x86
		{91FC66BD-F032-44F9-9D06-BBDF367D3754}.Debug 1.8|Mixed Platforms.Build.0 = Debug|x86
		{91FC66BD-F032-44F9-9D06-BBDF367D3754}.Debug 1.8|x64.ActiveCfg = Debug|Any CPU
		{91FC66BD-F032-44F9-9D06-BBDF367D3754}.Debug 1.8|x64.Build.0 = Debug|Any CPU
		{91FC66BD-F032-44F9-9D06-BBDF367D3754}.Debug 1.8|x86.ActiveCfg = Debug|x86
		{91FC66BD-F032-44F9-9D06-BBDF367D3754}.Debug 1.8|x86.Build.0 = Debug|x86
		{91FC66BD-F032-44F9-9D06-BBDF367D3754}.Debug 1.9|Any CPU.ActiveCfg = Debug|x86
		{91FC66BD-F032-44F9-9D06-BBDF367D3754}.Debug 1.9|Mixed Platforms.ActiveCfg = Debug|x86
		{91FC66BD-F032-44F9-9D06-BBDF367D3754}.Debug 1.9|Mixed Platforms.Build.0 = Debug|x86
		{91FC66BD-F032-44F9-9D06-BBDF367D3754}.Debug 1.9|x64.ActiveCfg = Debug|Any CPU
		{91FC66BD-F032-44F9-9D06-BBDF367D3754}.Debug 1.9|x64.Build.0 = Debug|Any CPU
		{91FC66BD-F032-44F9-9D06-BBDF367D3754}.Debug 1.9|x86.ActiveCfg = Debug|x86
		{91FC66BD-F032-44F9-9D06-BBDF367D3754}.Debug 1.9|x86.Build.0 = Debug|x86
		{91FC66BD-F032-44F9-9D06-BBDF367D3754}.Debug|Any CPU.ActiveCfg = Debug|x86
		{91FC66BD-F032-44F9-9D06-BBDF367D3754}.Debug|Any CPU.Build.0 = Debug|x86
		{91FC66BD-F032-44F9-9D06-BBDF367D3754}.Debug|Mixed Platforms.ActiveCfg = Debug|x86
		{91FC66BD-F032-44F9-9D06-BBDF367D3754}.Debug|x64.ActiveCfg = Debug|Any CPU
		{91FC66BD-F032-44F9-9D06-BBDF367D3754}.Debug|x64.Build.0 = Debug|Any CPU
		{91FC66BD-F032-44F9-9D06-BBDF367D3754}.Debug|x86.ActiveCfg = Debug|x86
		{91FC66BD-F032-44F9-9D06-BBDF367D3754}.Debug|x86.Build.0 = Debug|x86
		{91FC66BD-F032-44F9-9D06-BBDF367D3754}.DVD-5|Any CPU.ActiveCfg = Debug|x86
		{91FC66BD-F032-44F9-9D06-BBDF367D3754}.DVD-5|Mixed Platforms.ActiveCfg = Debug|x86
		{91FC66BD-F032-44F9-9D06-BBDF367D3754}.DVD-5|Mixed Platforms.Build.0 = Debug|x86
		{91FC66BD-F032-44F9-9D06-BBDF367D3754}.DVD-5|x64.ActiveCfg = Debug|Any CPU
		{91FC66BD-F032-44F9-9D06-BBDF367D3754}.DVD-5|x64.Build.0 = Debug|Any CPU
		{91FC66BD-F032-44F9-9D06-BBDF367D3754}.DVD-5|x86.ActiveCfg = Debug|x86
		{91FC66BD-F032-44F9-9D06-BBDF367D3754}.DVD-5|x86.Build.0 = Debug|x86
		{91FC66BD-F032-44F9-9D06-BBDF367D3754}.Enterprise anonymous|Any CPU.ActiveCfg = Debug|Any CPU
		{91FC66BD-F032-44F9-9D06-BBDF367D3754}.Enterprise anonymous|Any CPU.Build.0 = Debug|Any CPU
		{91FC66BD-F032-44F9-9D06-BBDF367D3754}.Enterprise anonymous|Mixed Platforms.ActiveCfg = Debug|x86
		{91FC66BD-F032-44F9-9D06-BBDF367D3754}.Enterprise anonymous|Mixed Platforms.Build.0 = Debug|x86
		{91FC66BD-F032-44F9-9D06-BBDF367D3754}.Enterprise anonymous|x64.ActiveCfg = Debug|Any CPU
		{91FC66BD-F032-44F9-9D06-BBDF367D3754}.Enterprise anonymous|x64.Build.0 = Debug|Any CPU
		{91FC66BD-F032-44F9-9D06-BBDF367D3754}.Enterprise anonymous|x86.ActiveCfg = Debug|x86
		{91FC66BD-F032-44F9-9D06-BBDF367D3754}.Enterprise anonymous|x86.Build.0 = Debug|x86
		{91FC66BD-F032-44F9-9D06-BBDF367D3754}.Enterprise non-anonymous|Any CPU.ActiveCfg = Debug|Any CPU
		{91FC66BD-F032-44F9-9D06-BBDF367D3754}.Enterprise non-anonymous|Any CPU.Build.0 = Debug|Any CPU
		{91FC66BD-F032-44F9-9D06-BBDF367D3754}.Enterprise non-anonymous|Mixed Platforms.ActiveCfg = Debug|x86
		{91FC66BD-F032-44F9-9D06-BBDF367D3754}.Enterprise non-anonymous|Mixed Platforms.Build.0 = Debug|x86
		{91FC66BD-F032-44F9-9D06-BBDF367D3754}.Enterprise non-anonymous|x64.ActiveCfg = Debug|Any CPU
		{91FC66BD-F032-44F9-9D06-BBDF367D3754}.Enterprise non-anonymous|x64.Build.0 = Debug|Any CPU
		{91FC66BD-F032-44F9-9D06-BBDF367D3754}.Enterprise non-anonymous|x86.ActiveCfg = Debug|x86
		{91FC66BD-F032-44F9-9D06-BBDF367D3754}.Enterprise non-anonymous|x86.Build.0 = Debug|x86
		{91FC66BD-F032-44F9-9D06-BBDF367D3754}.Instructor|Any CPU.ActiveCfg = Debug|Any CPU
		{91FC66BD-F032-44F9-9D06-BBDF367D3754}.Instructor|Any CPU.Build.0 = Debug|Any CPU
		{91FC66BD-F032-44F9-9D06-BBDF367D3754}.Instructor|Mixed Platforms.ActiveCfg = Debug|x86
		{91FC66BD-F032-44F9-9D06-BBDF367D3754}.Instructor|Mixed Platforms.Build.0 = Debug|x86
		{91FC66BD-F032-44F9-9D06-BBDF367D3754}.Instructor|x64.ActiveCfg = Debug|Any CPU
		{91FC66BD-F032-44F9-9D06-BBDF367D3754}.Instructor|x64.Build.0 = Debug|Any CPU
		{91FC66BD-F032-44F9-9D06-BBDF367D3754}.Instructor|x86.ActiveCfg = Debug|x86
		{91FC66BD-F032-44F9-9D06-BBDF367D3754}.Instructor|x86.Build.0 = Debug|x86
		{91FC66BD-F032-44F9-9D06-BBDF367D3754}.Release|Any CPU.ActiveCfg = Release|x86
		{91FC66BD-F032-44F9-9D06-BBDF367D3754}.Release|Any CPU.Build.0 = Release|x86
		{91FC66BD-F032-44F9-9D06-BBDF367D3754}.Release|Mixed Platforms.ActiveCfg = Release|x86
		{91FC66BD-F032-44F9-9D06-BBDF367D3754}.Release|Mixed Platforms.Build.0 = Release|x86
		{91FC66BD-F032-44F9-9D06-BBDF367D3754}.Release|x64.ActiveCfg = Release|Any CPU
		{91FC66BD-F032-44F9-9D06-BBDF367D3754}.Release|x64.Build.0 = Release|Any CPU
		{91FC66BD-F032-44F9-9D06-BBDF367D3754}.Release|x86.ActiveCfg = Release|Any CPU
		{91FC66BD-F032-44F9-9D06-BBDF367D3754}.Release|x86.Build.0 = Release|Any CPU
		{91FC66BD-F032-44F9-9D06-BBDF367D3754}.SingleImage|Any CPU.ActiveCfg = Release|x86
		{91FC66BD-F032-44F9-9D06-BBDF367D3754}.SingleImage|Mixed Platforms.ActiveCfg = Release|x86
		{91FC66BD-F032-44F9-9D06-BBDF367D3754}.SingleImage|Mixed Platforms.Build.0 = Release|x86
		{91FC66BD-F032-44F9-9D06-BBDF367D3754}.SingleImage|x64.ActiveCfg = Debug|Any CPU
		{91FC66BD-F032-44F9-9D06-BBDF367D3754}.SingleImage|x64.Build.0 = Debug|Any CPU
		{91FC66BD-F032-44F9-9D06-BBDF367D3754}.SingleImage|x86.ActiveCfg = Release|x86
		{91FC66BD-F032-44F9-9D06-BBDF367D3754}.SingleImage|x86.Build.0 = Release|x86
		{B2911C35-35AF-4248-9FD8-CB9F87CBE524}.CD_ROM|Any CPU.ActiveCfg = Release|x86
		{B2911C35-35AF-4248-9FD8-CB9F87CBE524}.CD_ROM|Mixed Platforms.ActiveCfg = Release|x86
		{B2911C35-35AF-4248-9FD8-CB9F87CBE524}.CD_ROM|Mixed Platforms.Build.0 = Release|x86
		{B2911C35-35AF-4248-9FD8-CB9F87CBE524}.CD_ROM|x64.ActiveCfg = Release|Any CPU
		{B2911C35-35AF-4248-9FD8-CB9F87CBE524}.CD_ROM|x64.Build.0 = Release|Any CPU
		{B2911C35-35AF-4248-9FD8-CB9F87CBE524}.CD_ROM|x86.ActiveCfg = Release|x86
		{B2911C35-35AF-4248-9FD8-CB9F87CBE524}.CD_ROM|x86.Build.0 = Release|x86
		{B2911C35-35AF-4248-9FD8-CB9F87CBE524}.Debug 1.8|Any CPU.ActiveCfg = Debug|x86
		{B2911C35-35AF-4248-9FD8-CB9F87CBE524}.Debug 1.8|Mixed Platforms.ActiveCfg = Debug|x86
		{B2911C35-35AF-4248-9FD8-CB9F87CBE524}.Debug 1.8|Mixed Platforms.Build.0 = Debug|x86
		{B2911C35-35AF-4248-9FD8-CB9F87CBE524}.Debug 1.8|x64.ActiveCfg = Debug|Any CPU
		{B2911C35-35AF-4248-9FD8-CB9F87CBE524}.Debug 1.8|x64.Build.0 = Debug|Any CPU
		{B2911C35-35AF-4248-9FD8-CB9F87CBE524}.Debug 1.8|x86.ActiveCfg = Debug|x86
		{B2911C35-35AF-4248-9FD8-CB9F87CBE524}.Debug 1.8|x86.Build.0 = Debug|x86
		{B2911C35-35AF-4248-9FD8-CB9F87CBE524}.Debug 1.9|Any CPU.ActiveCfg = Debug|x86
		{B2911C35-35AF-4248-9FD8-CB9F87CBE524}.Debug 1.9|Mixed Platforms.ActiveCfg = Debug|x86
		{B2911C35-35AF-4248-9FD8-CB9F87CBE524}.Debug 1.9|Mixed Platforms.Build.0 = Debug|x86
		{B2911C35-35AF-4248-9FD8-CB9F87CBE524}.Debug 1.9|x64.ActiveCfg = Debug|Any CPU
		{B2911C35-35AF-4248-9FD8-CB9F87CBE524}.Debug 1.9|x64.Build.0 = Debug|Any CPU
		{B2911C35-35AF-4248-9FD8-CB9F87CBE524}.Debug 1.9|x86.ActiveCfg = Debug|x86
		{B2911C35-35AF-4248-9FD8-CB9F87CBE524}.Debug 1.9|x86.Build.0 = Debug|x86
		{B2911C35-35AF-4248-9FD8-CB9F87CBE524}.Debug|Any CPU.ActiveCfg = Debug|Any CPU
		{B2911C35-35AF-4248-9FD8-CB9F87CBE524}.Debug|Mixed Platforms.ActiveCfg = Debug|x86
		{B2911C35-35AF-4248-9FD8-CB9F87CBE524}.Debug|x64.ActiveCfg = Debug|Any CPU
		{B2911C35-35AF-4248-9FD8-CB9F87CBE524}.Debug|x64.Build.0 = Debug|Any CPU
		{B2911C35-35AF-4248-9FD8-CB9F87CBE524}.Debug|x86.ActiveCfg = Debug|x86
		{B2911C35-35AF-4248-9FD8-CB9F87CBE524}.DVD-5|Any CPU.ActiveCfg = Debug|x86
		{B2911C35-35AF-4248-9FD8-CB9F87CBE524}.DVD-5|Mixed Platforms.ActiveCfg = Debug|x86
		{B2911C35-35AF-4248-9FD8-CB9F87CBE524}.DVD-5|Mixed Platforms.Build.0 = Debug|x86
		{B2911C35-35AF-4248-9FD8-CB9F87CBE524}.DVD-5|x64.ActiveCfg = Debug|Any CPU
		{B2911C35-35AF-4248-9FD8-CB9F87CBE524}.DVD-5|x64.Build.0 = Debug|Any CPU
		{B2911C35-35AF-4248-9FD8-CB9F87CBE524}.DVD-5|x86.ActiveCfg = Debug|x86
		{B2911C35-35AF-4248-9FD8-CB9F87CBE524}.DVD-5|x86.Build.0 = Debug|x86
		{B2911C35-35AF-4248-9FD8-CB9F87CBE524}.Enterprise anonymous|Any CPU.ActiveCfg = Release|Any CPU
		{B2911C35-35AF-4248-9FD8-CB9F87CBE524}.Enterprise anonymous|Any CPU.Build.0 = Release|Any CPU
		{B2911C35-35AF-4248-9FD8-CB9F87CBE524}.Enterprise anonymous|Mixed Platforms.ActiveCfg = Debug|x86
		{B2911C35-35AF-4248-9FD8-CB9F87CBE524}.Enterprise anonymous|Mixed Platforms.Build.0 = Debug|x86
		{B2911C35-35AF-4248-9FD8-CB9F87CBE524}.Enterprise anonymous|x64.ActiveCfg = Release|Any CPU
		{B2911C35-35AF-4248-9FD8-CB9F87CBE524}.Enterprise anonymous|x64.Build.0 = Release|Any CPU
		{B2911C35-35AF-4248-9FD8-CB9F87CBE524}.Enterprise anonymous|x86.ActiveCfg = Debug|x86
		{B2911C35-35AF-4248-9FD8-CB9F87CBE524}.Enterprise anonymous|x86.Build.0 = Debug|x86
		{B2911C35-35AF-4248-9FD8-CB9F87CBE524}.Enterprise non-anonymous|Any CPU.ActiveCfg = Release|Any CPU
		{B2911C35-35AF-4248-9FD8-CB9F87CBE524}.Enterprise non-anonymous|Any CPU.Build.0 = Release|Any CPU
		{B2911C35-35AF-4248-9FD8-CB9F87CBE524}.Enterprise non-anonymous|Mixed Platforms.ActiveCfg = Debug|x86
		{B2911C35-35AF-4248-9FD8-CB9F87CBE524}.Enterprise non-anonymous|Mixed Platforms.Build.0 = Debug|x86
		{B2911C35-35AF-4248-9FD8-CB9F87CBE524}.Enterprise non-anonymous|x64.ActiveCfg = Release|Any CPU
		{B2911C35-35AF-4248-9FD8-CB9F87CBE524}.Enterprise non-anonymous|x64.Build.0 = Release|Any CPU
		{B2911C35-35AF-4248-9FD8-CB9F87CBE524}.Enterprise non-anonymous|x86.ActiveCfg = Debug|x86
		{B2911C35-35AF-4248-9FD8-CB9F87CBE524}.Enterprise non-anonymous|x86.Build.0 = Debug|x86
		{B2911C35-35AF-4248-9FD8-CB9F87CBE524}.Instructor|Any CPU.ActiveCfg = Release|Any CPU
		{B2911C35-35AF-4248-9FD8-CB9F87CBE524}.Instructor|Any CPU.Build.0 = Release|Any CPU
		{B2911C35-35AF-4248-9FD8-CB9F87CBE524}.Instructor|Mixed Platforms.ActiveCfg = Debug|x86
		{B2911C35-35AF-4248-9FD8-CB9F87CBE524}.Instructor|Mixed Platforms.Build.0 = Debug|x86
		{B2911C35-35AF-4248-9FD8-CB9F87CBE524}.Instructor|x64.ActiveCfg = Release|Any CPU
		{B2911C35-35AF-4248-9FD8-CB9F87CBE524}.Instructor|x64.Build.0 = Release|Any CPU
		{B2911C35-35AF-4248-9FD8-CB9F87CBE524}.Instructor|x86.ActiveCfg = Debug|x86
		{B2911C35-35AF-4248-9FD8-CB9F87CBE524}.Instructor|x86.Build.0 = Debug|x86
		{B2911C35-35AF-4248-9FD8-CB9F87CBE524}.Release|Any CPU.ActiveCfg = Release|Any CPU
		{B2911C35-35AF-4248-9FD8-CB9F87CBE524}.Release|Any CPU.Build.0 = Release|Any CPU
		{B2911C35-35AF-4248-9FD8-CB9F87CBE524}.Release|Mixed Platforms.ActiveCfg = Release|x86
		{B2911C35-35AF-4248-9FD8-CB9F87CBE524}.Release|Mixed Platforms.Build.0 = Release|x86
		{B2911C35-35AF-4248-9FD8-CB9F87CBE524}.Release|x64.ActiveCfg = Release|Any CPU
		{B2911C35-35AF-4248-9FD8-CB9F87CBE524}.Release|x64.Build.0 = Release|Any CPU
		{B2911C35-35AF-4248-9FD8-CB9F87CBE524}.Release|x86.ActiveCfg = Release|Any CPU
		{B2911C35-35AF-4248-9FD8-CB9F87CBE524}.Release|x86.Build.0 = Release|Any CPU
		{B2911C35-35AF-4248-9FD8-CB9F87CBE524}.SingleImage|Any CPU.ActiveCfg = Release|x86
		{B2911C35-35AF-4248-9FD8-CB9F87CBE524}.SingleImage|Mixed Platforms.ActiveCfg = Release|x86
		{B2911C35-35AF-4248-9FD8-CB9F87CBE524}.SingleImage|Mixed Platforms.Build.0 = Release|x86
		{B2911C35-35AF-4248-9FD8-CB9F87CBE524}.SingleImage|x64.ActiveCfg = Release|Any CPU
		{B2911C35-35AF-4248-9FD8-CB9F87CBE524}.SingleImage|x64.Build.0 = Release|Any CPU
		{B2911C35-35AF-4248-9FD8-CB9F87CBE524}.SingleImage|x86.ActiveCfg = Release|x86
		{B2911C35-35AF-4248-9FD8-CB9F87CBE524}.SingleImage|x86.Build.0 = Release|x86
		{4A38918E-859A-4F2A-8424-F70FE43C9931}.CD_ROM|Any CPU.ActiveCfg = Release|x86
		{4A38918E-859A-4F2A-8424-F70FE43C9931}.CD_ROM|Mixed Platforms.ActiveCfg = Release|x86
		{4A38918E-859A-4F2A-8424-F70FE43C9931}.CD_ROM|Mixed Platforms.Build.0 = Release|x86
		{4A38918E-859A-4F2A-8424-F70FE43C9931}.CD_ROM|x64.ActiveCfg = Release|Any CPU
		{4A38918E-859A-4F2A-8424-F70FE43C9931}.CD_ROM|x64.Build.0 = Release|Any CPU
		{4A38918E-859A-4F2A-8424-F70FE43C9931}.CD_ROM|x86.ActiveCfg = Release|x86
		{4A38918E-859A-4F2A-8424-F70FE43C9931}.CD_ROM|x86.Build.0 = Release|x86
		{4A38918E-859A-4F2A-8424-F70FE43C9931}.Debug 1.8|Any CPU.ActiveCfg = Debug|x86
		{4A38918E-859A-4F2A-8424-F70FE43C9931}.Debug 1.8|Mixed Platforms.ActiveCfg = Debug|x86
		{4A38918E-859A-4F2A-8424-F70FE43C9931}.Debug 1.8|Mixed Platforms.Build.0 = Debug|x86
		{4A38918E-859A-4F2A-8424-F70FE43C9931}.Debug 1.8|x64.ActiveCfg = Debug|Any CPU
		{4A38918E-859A-4F2A-8424-F70FE43C9931}.Debug 1.8|x64.Build.0 = Debug|Any CPU
		{4A38918E-859A-4F2A-8424-F70FE43C9931}.Debug 1.8|x86.ActiveCfg = Debug|x86
		{4A38918E-859A-4F2A-8424-F70FE43C9931}.Debug 1.8|x86.Build.0 = Debug|x86
		{4A38918E-859A-4F2A-8424-F70FE43C9931}.Debug 1.9|Any CPU.ActiveCfg = Debug|x86
		{4A38918E-859A-4F2A-8424-F70FE43C9931}.Debug 1.9|Mixed Platforms.ActiveCfg = Debug|x86
		{4A38918E-859A-4F2A-8424-F70FE43C9931}.Debug 1.9|Mixed Platforms.Build.0 = Debug|x86
		{4A38918E-859A-4F2A-8424-F70FE43C9931}.Debug 1.9|x64.ActiveCfg = Debug|Any CPU
		{4A38918E-859A-4F2A-8424-F70FE43C9931}.Debug 1.9|x64.Build.0 = Debug|Any CPU
		{4A38918E-859A-4F2A-8424-F70FE43C9931}.Debug 1.9|x86.ActiveCfg = Debug|x86
		{4A38918E-859A-4F2A-8424-F70FE43C9931}.Debug 1.9|x86.Build.0 = Debug|x86
		{4A38918E-859A-4F2A-8424-F70FE43C9931}.Debug|Any CPU.ActiveCfg = Debug|Any CPU
		{4A38918E-859A-4F2A-8424-F70FE43C9931}.Debug|Mixed Platforms.ActiveCfg = Debug|x86
		{4A38918E-859A-4F2A-8424-F70FE43C9931}.Debug|x64.ActiveCfg = Debug|Any CPU
		{4A38918E-859A-4F2A-8424-F70FE43C9931}.Debug|x64.Build.0 = Debug|Any CPU
		{4A38918E-859A-4F2A-8424-F70FE43C9931}.Debug|x86.ActiveCfg = Debug|x86
		{4A38918E-859A-4F2A-8424-F70FE43C9931}.DVD-5|Any CPU.ActiveCfg = Debug|x86
		{4A38918E-859A-4F2A-8424-F70FE43C9931}.DVD-5|Mixed Platforms.ActiveCfg = Debug|x86
		{4A38918E-859A-4F2A-8424-F70FE43C9931}.DVD-5|Mixed Platforms.Build.0 = Debug|x86
		{4A38918E-859A-4F2A-8424-F70FE43C9931}.DVD-5|x64.ActiveCfg = Debug|Any CPU
		{4A38918E-859A-4F2A-8424-F70FE43C9931}.DVD-5|x64.Build.0 = Debug|Any CPU
		{4A38918E-859A-4F2A-8424-F70FE43C9931}.DVD-5|x86.ActiveCfg = Debug|x86
		{4A38918E-859A-4F2A-8424-F70FE43C9931}.DVD-5|x86.Build.0 = Debug|x86
		{4A38918E-859A-4F2A-8424-F70FE43C9931}.Enterprise anonymous|Any CPU.ActiveCfg = Release|Any CPU
		{4A38918E-859A-4F2A-8424-F70FE43C9931}.Enterprise anonymous|Any CPU.Build.0 = Release|Any CPU
		{4A38918E-859A-4F2A-8424-F70FE43C9931}.Enterprise anonymous|Mixed Platforms.ActiveCfg = Debug|x86
		{4A38918E-859A-4F2A-8424-F70FE43C9931}.Enterprise anonymous|Mixed Platforms.Build.0 = Debug|x86
		{4A38918E-859A-4F2A-8424-F70FE43C9931}.Enterprise anonymous|x64.ActiveCfg = Release|Any CPU
		{4A38918E-859A-4F2A-8424-F70FE43C9931}.Enterprise anonymous|x64.Build.0 = Release|Any CPU
		{4A38918E-859A-4F2A-8424-F70FE43C9931}.Enterprise anonymous|x86.ActiveCfg = Debug|x86
		{4A38918E-859A-4F2A-8424-F70FE43C9931}.Enterprise anonymous|x86.Build.0 = Debug|x86
		{4A38918E-859A-4F2A-8424-F70FE43C9931}.Enterprise non-anonymous|Any CPU.ActiveCfg = Release|Any CPU
		{4A38918E-859A-4F2A-8424-F70FE43C9931}.Enterprise non-anonymous|Any CPU.Build.0 = Release|Any CPU
		{4A38918E-859A-4F2A-8424-F70FE43C9931}.Enterprise non-anonymous|Mixed Platforms.ActiveCfg = Debug|x86
		{4A38918E-859A-4F2A-8424-F70FE43C9931}.Enterprise non-anonymous|Mixed Platforms.Build.0 = Debug|x86
		{4A38918E-859A-4F2A-8424-F70FE43C9931}.Enterprise non-anonymous|x64.ActiveCfg = Release|Any CPU
		{4A38918E-859A-4F2A-8424-F70FE43C9931}.Enterprise non-anonymous|x64.Build.0 = Release|Any CPU
		{4A38918E-859A-4F2A-8424-F70FE43C9931}.Enterprise non-anonymous|x86.ActiveCfg = Debug|x86
		{4A38918E-859A-4F2A-8424-F70FE43C9931}.Enterprise non-anonymous|x86.Build.0 = Debug|x86
		{4A38918E-859A-4F2A-8424-F70FE43C9931}.Instructor|Any CPU.ActiveCfg = Release|Any CPU
		{4A38918E-859A-4F2A-8424-F70FE43C9931}.Instructor|Any CPU.Build.0 = Release|Any CPU
		{4A38918E-859A-4F2A-8424-F70FE43C9931}.Instructor|Mixed Platforms.ActiveCfg = Debug|x86
		{4A38918E-859A-4F2A-8424-F70FE43C9931}.Instructor|Mixed Platforms.Build.0 = Debug|x86
		{4A38918E-859A-4F2A-8424-F70FE43C9931}.Instructor|x64.ActiveCfg = Release|Any CPU
		{4A38918E-859A-4F2A-8424-F70FE43C9931}.Instructor|x64.Build.0 = Release|Any CPU
		{4A38918E-859A-4F2A-8424-F70FE43C9931}.Instructor|x86.ActiveCfg = Debug|x86
		{4A38918E-859A-4F2A-8424-F70FE43C9931}.Instructor|x86.Build.0 = Debug|x86
		{4A38918E-859A-4F2A-8424-F70FE43C9931}.Release|Any CPU.ActiveCfg = Release|Any CPU
		{4A38918E-859A-4F2A-8424-F70FE43C9931}.Release|Any CPU.Build.0 = Release|Any CPU
		{4A38918E-859A-4F2A-8424-F70FE43C9931}.Release|Mixed Platforms.ActiveCfg = Release|x86
		{4A38918E-859A-4F2A-8424-F70FE43C9931}.Release|Mixed Platforms.Build.0 = Release|x86
		{4A38918E-859A-4F2A-8424-F70FE43C9931}.Release|x64.ActiveCfg = Release|Any CPU
		{4A38918E-859A-4F2A-8424-F70FE43C9931}.Release|x64.Build.0 = Release|Any CPU
		{4A38918E-859A-4F2A-8424-F70FE43C9931}.Release|x86.ActiveCfg = Release|Any CPU
		{4A38918E-859A-4F2A-8424-F70FE43C9931}.Release|x86.Build.0 = Release|Any CPU
		{4A38918E-859A-4F2A-8424-F70FE43C9931}.SingleImage|Any CPU.ActiveCfg = Release|x86
		{4A38918E-859A-4F2A-8424-F70FE43C9931}.SingleImage|Mixed Platforms.ActiveCfg = Release|x86
		{4A38918E-859A-4F2A-8424-F70FE43C9931}.SingleImage|Mixed Platforms.Build.0 = Release|x86
		{4A38918E-859A-4F2A-8424-F70FE43C9931}.SingleImage|x64.ActiveCfg = Release|Any CPU
		{4A38918E-859A-4F2A-8424-F70FE43C9931}.SingleImage|x64.Build.0 = Release|Any CPU
		{4A38918E-859A-4F2A-8424-F70FE43C9931}.SingleImage|x86.ActiveCfg = Release|x86
		{4A38918E-859A-4F2A-8424-F70FE43C9931}.SingleImage|x86.Build.0 = Release|x86
		{77A6B5BC-ED19-4F39-847B-0D85D8612DE6}.CD_ROM|Any CPU.ActiveCfg = Release|x86
		{77A6B5BC-ED19-4F39-847B-0D85D8612DE6}.CD_ROM|Mixed Platforms.ActiveCfg = Release|x86
		{77A6B5BC-ED19-4F39-847B-0D85D8612DE6}.CD_ROM|Mixed Platforms.Build.0 = Release|x86
		{77A6B5BC-ED19-4F39-847B-0D85D8612DE6}.CD_ROM|x64.ActiveCfg = Release|Any CPU
		{77A6B5BC-ED19-4F39-847B-0D85D8612DE6}.CD_ROM|x64.Build.0 = Release|Any CPU
		{77A6B5BC-ED19-4F39-847B-0D85D8612DE6}.CD_ROM|x86.ActiveCfg = Release|x86
		{77A6B5BC-ED19-4F39-847B-0D85D8612DE6}.CD_ROM|x86.Build.0 = Release|x86
		{77A6B5BC-ED19-4F39-847B-0D85D8612DE6}.Debug 1.8|Any CPU.ActiveCfg = Debug|x86
		{77A6B5BC-ED19-4F39-847B-0D85D8612DE6}.Debug 1.8|Mixed Platforms.ActiveCfg = Debug|x86
		{77A6B5BC-ED19-4F39-847B-0D85D8612DE6}.Debug 1.8|Mixed Platforms.Build.0 = Debug|x86
		{77A6B5BC-ED19-4F39-847B-0D85D8612DE6}.Debug 1.8|x64.ActiveCfg = Debug|Any CPU
		{77A6B5BC-ED19-4F39-847B-0D85D8612DE6}.Debug 1.8|x64.Build.0 = Debug|Any CPU
		{77A6B5BC-ED19-4F39-847B-0D85D8612DE6}.Debug 1.8|x86.ActiveCfg = Debug|x86
		{77A6B5BC-ED19-4F39-847B-0D85D8612DE6}.Debug 1.8|x86.Build.0 = Debug|x86
		{77A6B5BC-ED19-4F39-847B-0D85D8612DE6}.Debug 1.9|Any CPU.ActiveCfg = Debug|x86
		{77A6B5BC-ED19-4F39-847B-0D85D8612DE6}.Debug 1.9|Mixed Platforms.ActiveCfg = Debug|x86
		{77A6B5BC-ED19-4F39-847B-0D85D8612DE6}.Debug 1.9|Mixed Platforms.Build.0 = Debug|x86
		{77A6B5BC-ED19-4F39-847B-0D85D8612DE6}.Debug 1.9|x64.ActiveCfg = Debug|Any CPU
		{77A6B5BC-ED19-4F39-847B-0D85D8612DE6}.Debug 1.9|x64.Build.0 = Debug|Any CPU
		{77A6B5BC-ED19-4F39-847B-0D85D8612DE6}.Debug 1.9|x86.ActiveCfg = Debug|x86
		{77A6B5BC-ED19-4F39-847B-0D85D8612DE6}.Debug 1.9|x86.Build.0 = Debug|x86
		{77A6B5BC-ED19-4F39-847B-0D85D8612DE6}.Debug|Any CPU.ActiveCfg = Debug|Any CPU
		{77A6B5BC-ED19-4F39-847B-0D85D8612DE6}.Debug|Mixed Platforms.ActiveCfg = Debug|x86
		{77A6B5BC-ED19-4F39-847B-0D85D8612DE6}.Debug|x64.ActiveCfg = Debug|Any CPU
		{77A6B5BC-ED19-4F39-847B-0D85D8612DE6}.Debug|x64.Build.0 = Debug|Any CPU
		{77A6B5BC-ED19-4F39-847B-0D85D8612DE6}.Debug|x86.ActiveCfg = Debug|x86
		{77A6B5BC-ED19-4F39-847B-0D85D8612DE6}.DVD-5|Any CPU.ActiveCfg = Debug|x86
		{77A6B5BC-ED19-4F39-847B-0D85D8612DE6}.DVD-5|Mixed Platforms.ActiveCfg = Debug|x86
		{77A6B5BC-ED19-4F39-847B-0D85D8612DE6}.DVD-5|Mixed Platforms.Build.0 = Debug|x86
		{77A6B5BC-ED19-4F39-847B-0D85D8612DE6}.DVD-5|x64.ActiveCfg = Debug|Any CPU
		{77A6B5BC-ED19-4F39-847B-0D85D8612DE6}.DVD-5|x64.Build.0 = Debug|Any CPU
		{77A6B5BC-ED19-4F39-847B-0D85D8612DE6}.DVD-5|x86.ActiveCfg = Debug|x86
		{77A6B5BC-ED19-4F39-847B-0D85D8612DE6}.DVD-5|x86.Build.0 = Debug|x86
		{77A6B5BC-ED19-4F39-847B-0D85D8612DE6}.Enterprise anonymous|Any CPU.ActiveCfg = Release|Any CPU
		{77A6B5BC-ED19-4F39-847B-0D85D8612DE6}.Enterprise anonymous|Any CPU.Build.0 = Release|Any CPU
		{77A6B5BC-ED19-4F39-847B-0D85D8612DE6}.Enterprise anonymous|Mixed Platforms.ActiveCfg = Debug|x86
		{77A6B5BC-ED19-4F39-847B-0D85D8612DE6}.Enterprise anonymous|Mixed Platforms.Build.0 = Debug|x86
		{77A6B5BC-ED19-4F39-847B-0D85D8612DE6}.Enterprise anonymous|x64.ActiveCfg = Release|Any CPU
		{77A6B5BC-ED19-4F39-847B-0D85D8612DE6}.Enterprise anonymous|x64.Build.0 = Release|Any CPU
		{77A6B5BC-ED19-4F39-847B-0D85D8612DE6}.Enterprise anonymous|x86.ActiveCfg = Debug|x86
		{77A6B5BC-ED19-4F39-847B-0D85D8612DE6}.Enterprise anonymous|x86.Build.0 = Debug|x86
		{77A6B5BC-ED19-4F39-847B-0D85D8612DE6}.Enterprise non-anonymous|Any CPU.ActiveCfg = Release|Any CPU
		{77A6B5BC-ED19-4F39-847B-0D85D8612DE6}.Enterprise non-anonymous|Any CPU.Build.0 = Release|Any CPU
		{77A6B5BC-ED19-4F39-847B-0D85D8612DE6}.Enterprise non-anonymous|Mixed Platforms.ActiveCfg = Debug|x86
		{77A6B5BC-ED19-4F39-847B-0D85D8612DE6}.Enterprise non-anonymous|Mixed Platforms.Build.0 = Debug|x86
		{77A6B5BC-ED19-4F39-847B-0D85D8612DE6}.Enterprise non-anonymous|x64.ActiveCfg = Release|Any CPU
		{77A6B5BC-ED19-4F39-847B-0D85D8612DE6}.Enterprise non-anonymous|x64.Build.0 = Release|Any CPU
		{77A6B5BC-ED19-4F39-847B-0D85D8612DE6}.Enterprise non-anonymous|x86.ActiveCfg = Debug|x86
		{77A6B5BC-ED19-4F39-847B-0D85D8612DE6}.Enterprise non-anonymous|x86.Build.0 = Debug|x86
		{77A6B5BC-ED19-4F39-847B-0D85D8612DE6}.Instructor|Any CPU.ActiveCfg = Release|Any CPU
		{77A6B5BC-ED19-4F39-847B-0D85D8612DE6}.Instructor|Any CPU.Build.0 = Release|Any CPU
		{77A6B5BC-ED19-4F39-847B-0D85D8612DE6}.Instructor|Mixed Platforms.ActiveCfg = Debug|x86
		{77A6B5BC-ED19-4F39-847B-0D85D8612DE6}.Instructor|Mixed Platforms.Build.0 = Debug|x86
		{77A6B5BC-ED19-4F39-847B-0D85D8612DE6}.Instructor|x64.ActiveCfg = Release|Any CPU
		{77A6B5BC-ED19-4F39-847B-0D85D8612DE6}.Instructor|x64.Build.0 = Release|Any CPU
		{77A6B5BC-ED19-4F39-847B-0D85D8612DE6}.Instructor|x86.ActiveCfg = Debug|x86
		{77A6B5BC-ED19-4F39-847B-0D85D8612DE6}.Instructor|x86.Build.0 = Debug|x86
		{77A6B5BC-ED19-4F39-847B-0D85D8612DE6}.Release|Any CPU.ActiveCfg = Release|Any CPU
		{77A6B5BC-ED19-4F39-847B-0D85D8612DE6}.Release|Any CPU.Build.0 = Release|Any CPU
		{77A6B5BC-ED19-4F39-847B-0D85D8612DE6}.Release|Mixed Platforms.ActiveCfg = Release|x86
		{77A6B5BC-ED19-4F39-847B-0D85D8612DE6}.Release|Mixed Platforms.Build.0 = Release|x86
		{77A6B5BC-ED19-4F39-847B-0D85D8612DE6}.Release|x64.ActiveCfg = Release|Any CPU
		{77A6B5BC-ED19-4F39-847B-0D85D8612DE6}.Release|x64.Build.0 = Release|Any CPU
		{77A6B5BC-ED19-4F39-847B-0D85D8612DE6}.Release|x86.ActiveCfg = Release|Any CPU
		{77A6B5BC-ED19-4F39-847B-0D85D8612DE6}.Release|x86.Build.0 = Release|Any CPU
		{77A6B5BC-ED19-4F39-847B-0D85D8612DE6}.SingleImage|Any CPU.ActiveCfg = Release|x86
		{77A6B5BC-ED19-4F39-847B-0D85D8612DE6}.SingleImage|Mixed Platforms.ActiveCfg = Release|x86
		{77A6B5BC-ED19-4F39-847B-0D85D8612DE6}.SingleImage|Mixed Platforms.Build.0 = Release|x86
		{77A6B5BC-ED19-4F39-847B-0D85D8612DE6}.SingleImage|x64.ActiveCfg = Release|Any CPU
		{77A6B5BC-ED19-4F39-847B-0D85D8612DE6}.SingleImage|x64.Build.0 = Release|Any CPU
		{77A6B5BC-ED19-4F39-847B-0D85D8612DE6}.SingleImage|x86.ActiveCfg = Release|x86
		{77A6B5BC-ED19-4F39-847B-0D85D8612DE6}.SingleImage|x86.Build.0 = Release|x86
		{C29D98AC-8C49-4907-9954-A0CEAA3E20F9}.CD_ROM|Any CPU.ActiveCfg = Release|x86
		{C29D98AC-8C49-4907-9954-A0CEAA3E20F9}.CD_ROM|Mixed Platforms.ActiveCfg = Release|x86
		{C29D98AC-8C49-4907-9954-A0CEAA3E20F9}.CD_ROM|Mixed Platforms.Build.0 = Release|x86
		{C29D98AC-8C49-4907-9954-A0CEAA3E20F9}.CD_ROM|x64.ActiveCfg = Release|Any CPU
		{C29D98AC-8C49-4907-9954-A0CEAA3E20F9}.CD_ROM|x64.Build.0 = Release|Any CPU
		{C29D98AC-8C49-4907-9954-A0CEAA3E20F9}.CD_ROM|x86.ActiveCfg = Release|x86
		{C29D98AC-8C49-4907-9954-A0CEAA3E20F9}.CD_ROM|x86.Build.0 = Release|x86
		{C29D98AC-8C49-4907-9954-A0CEAA3E20F9}.Debug 1.8|Any CPU.ActiveCfg = Debug|x86
		{C29D98AC-8C49-4907-9954-A0CEAA3E20F9}.Debug 1.8|Mixed Platforms.ActiveCfg = Debug|x86
		{C29D98AC-8C49-4907-9954-A0CEAA3E20F9}.Debug 1.8|Mixed Platforms.Build.0 = Debug|x86
		{C29D98AC-8C49-4907-9954-A0CEAA3E20F9}.Debug 1.8|x64.ActiveCfg = Debug|Any CPU
		{C29D98AC-8C49-4907-9954-A0CEAA3E20F9}.Debug 1.8|x64.Build.0 = Debug|Any CPU
		{C29D98AC-8C49-4907-9954-A0CEAA3E20F9}.Debug 1.8|x86.ActiveCfg = Debug|x86
		{C29D98AC-8C49-4907-9954-A0CEAA3E20F9}.Debug 1.8|x86.Build.0 = Debug|x86
		{C29D98AC-8C49-4907-9954-A0CEAA3E20F9}.Debug 1.9|Any CPU.ActiveCfg = Debug|x86
		{C29D98AC-8C49-4907-9954-A0CEAA3E20F9}.Debug 1.9|Mixed Platforms.ActiveCfg = Debug|x86
		{C29D98AC-8C49-4907-9954-A0CEAA3E20F9}.Debug 1.9|Mixed Platforms.Build.0 = Debug|x86
		{C29D98AC-8C49-4907-9954-A0CEAA3E20F9}.Debug 1.9|x64.ActiveCfg = Debug|Any CPU
		{C29D98AC-8C49-4907-9954-A0CEAA3E20F9}.Debug 1.9|x64.Build.0 = Debug|Any CPU
		{C29D98AC-8C49-4907-9954-A0CEAA3E20F9}.Debug 1.9|x86.ActiveCfg = Debug|x86
		{C29D98AC-8C49-4907-9954-A0CEAA3E20F9}.Debug 1.9|x86.Build.0 = Debug|x86
		{C29D98AC-8C49-4907-9954-A0CEAA3E20F9}.Debug|Any CPU.ActiveCfg = Debug|Any CPU
		{C29D98AC-8C49-4907-9954-A0CEAA3E20F9}.Debug|Mixed Platforms.ActiveCfg = Debug|x86
		{C29D98AC-8C49-4907-9954-A0CEAA3E20F9}.Debug|x64.ActiveCfg = Debug|Any CPU
		{C29D98AC-8C49-4907-9954-A0CEAA3E20F9}.Debug|x64.Build.0 = Debug|Any CPU
		{C29D98AC-8C49-4907-9954-A0CEAA3E20F9}.Debug|x86.ActiveCfg = Debug|x86
		{C29D98AC-8C49-4907-9954-A0CEAA3E20F9}.DVD-5|Any CPU.ActiveCfg = Debug|x86
		{C29D98AC-8C49-4907-9954-A0CEAA3E20F9}.DVD-5|Mixed Platforms.ActiveCfg = Debug|x86
		{C29D98AC-8C49-4907-9954-A0CEAA3E20F9}.DVD-5|Mixed Platforms.Build.0 = Debug|x86
		{C29D98AC-8C49-4907-9954-A0CEAA3E20F9}.DVD-5|x64.ActiveCfg = Debug|Any CPU
		{C29D98AC-8C49-4907-9954-A0CEAA3E20F9}.DVD-5|x64.Build.0 = Debug|Any CPU
		{C29D98AC-8C49-4907-9954-A0CEAA3E20F9}.DVD-5|x86.ActiveCfg = Debug|x86
		{C29D98AC-8C49-4907-9954-A0CEAA3E20F9}.DVD-5|x86.Build.0 = Debug|x86
		{C29D98AC-8C49-4907-9954-A0CEAA3E20F9}.Enterprise anonymous|Any CPU.ActiveCfg = Release|Any CPU
		{C29D98AC-8C49-4907-9954-A0CEAA3E20F9}.Enterprise anonymous|Any CPU.Build.0 = Release|Any CPU
		{C29D98AC-8C49-4907-9954-A0CEAA3E20F9}.Enterprise anonymous|Mixed Platforms.ActiveCfg = Debug|x86
		{C29D98AC-8C49-4907-9954-A0CEAA3E20F9}.Enterprise anonymous|Mixed Platforms.Build.0 = Debug|x86
		{C29D98AC-8C49-4907-9954-A0CEAA3E20F9}.Enterprise anonymous|x64.ActiveCfg = Release|Any CPU
		{C29D98AC-8C49-4907-9954-A0CEAA3E20F9}.Enterprise anonymous|x64.Build.0 = Release|Any CPU
		{C29D98AC-8C49-4907-9954-A0CEAA3E20F9}.Enterprise anonymous|x86.ActiveCfg = Debug|x86
		{C29D98AC-8C49-4907-9954-A0CEAA3E20F9}.Enterprise anonymous|x86.Build.0 = Debug|x86
		{C29D98AC-8C49-4907-9954-A0CEAA3E20F9}.Enterprise non-anonymous|Any CPU.ActiveCfg = Release|Any CPU
		{C29D98AC-8C49-4907-9954-A0CEAA3E20F9}.Enterprise non-anonymous|Any CPU.Build.0 = Release|Any CPU
		{C29D98AC-8C49-4907-9954-A0CEAA3E20F9}.Enterprise non-anonymous|Mixed Platforms.ActiveCfg = Debug|x86
		{C29D98AC-8C49-4907-9954-A0CEAA3E20F9}.Enterprise non-anonymous|Mixed Platforms.Build.0 = Debug|x86
		{C29D98AC-8C49-4907-9954-A0CEAA3E20F9}.Enterprise non-anonymous|x64.ActiveCfg = Release|Any CPU
		{C29D98AC-8C49-4907-9954-A0CEAA3E20F9}.Enterprise non-anonymous|x64.Build.0 = Release|Any CPU
		{C29D98AC-8C49-4907-9954-A0CEAA3E20F9}.Enterprise non-anonymous|x86.ActiveCfg = Debug|x86
		{C29D98AC-8C49-4907-9954-A0CEAA3E20F9}.Enterprise non-anonymous|x86.Build.0 = Debug|x86
		{C29D98AC-8C49-4907-9954-A0CEAA3E20F9}.Instructor|Any CPU.ActiveCfg = Release|Any CPU
		{C29D98AC-8C49-4907-9954-A0CEAA3E20F9}.Instructor|Any CPU.Build.0 = Release|Any CPU
		{C29D98AC-8C49-4907-9954-A0CEAA3E20F9}.Instructor|Mixed Platforms.ActiveCfg = Debug|x86
		{C29D98AC-8C49-4907-9954-A0CEAA3E20F9}.Instructor|Mixed Platforms.Build.0 = Debug|x86
		{C29D98AC-8C49-4907-9954-A0CEAA3E20F9}.Instructor|x64.ActiveCfg = Release|Any CPU
		{C29D98AC-8C49-4907-9954-A0CEAA3E20F9}.Instructor|x64.Build.0 = Release|Any CPU
		{C29D98AC-8C49-4907-9954-A0CEAA3E20F9}.Instructor|x86.ActiveCfg = Debug|x86
		{C29D98AC-8C49-4907-9954-A0CEAA3E20F9}.Instructor|x86.Build.0 = Debug|x86
		{C29D98AC-8C49-4907-9954-A0CEAA3E20F9}.Release|Any CPU.ActiveCfg = Release|Any CPU
		{C29D98AC-8C49-4907-9954-A0CEAA3E20F9}.Release|Any CPU.Build.0 = Release|Any CPU
		{C29D98AC-8C49-4907-9954-A0CEAA3E20F9}.Release|Mixed Platforms.ActiveCfg = Release|x86
		{C29D98AC-8C49-4907-9954-A0CEAA3E20F9}.Release|Mixed Platforms.Build.0 = Release|x86
		{C29D98AC-8C49-4907-9954-A0CEAA3E20F9}.Release|x64.ActiveCfg = Release|Any CPU
		{C29D98AC-8C49-4907-9954-A0CEAA3E20F9}.Release|x64.Build.0 = Release|Any CPU
		{C29D98AC-8C49-4907-9954-A0CEAA3E20F9}.Release|x86.ActiveCfg = Release|Any CPU
		{C29D98AC-8C49-4907-9954-A0CEAA3E20F9}.Release|x86.Build.0 = Release|Any CPU
		{C29D98AC-8C49-4907-9954-A0CEAA3E20F9}.SingleImage|Any CPU.ActiveCfg = Release|x86
		{C29D98AC-8C49-4907-9954-A0CEAA3E20F9}.SingleImage|Mixed Platforms.ActiveCfg = Release|x86
		{C29D98AC-8C49-4907-9954-A0CEAA3E20F9}.SingleImage|Mixed Platforms.Build.0 = Release|x86
		{C29D98AC-8C49-4907-9954-A0CEAA3E20F9}.SingleImage|x64.ActiveCfg = Release|Any CPU
		{C29D98AC-8C49-4907-9954-A0CEAA3E20F9}.SingleImage|x64.Build.0 = Release|Any CPU
		{C29D98AC-8C49-4907-9954-A0CEAA3E20F9}.SingleImage|x86.ActiveCfg = Release|x86
		{C29D98AC-8C49-4907-9954-A0CEAA3E20F9}.SingleImage|x86.Build.0 = Release|x86
		{30117C2C-23F3-4816-9A93-43B495B43571}.CD_ROM|Any CPU.ActiveCfg = Release|Any CPU
		{30117C2C-23F3-4816-9A93-43B495B43571}.CD_ROM|Any CPU.Build.0 = Release|Any CPU
		{30117C2C-23F3-4816-9A93-43B495B43571}.CD_ROM|Mixed Platforms.ActiveCfg = Release|Any CPU
		{30117C2C-23F3-4816-9A93-43B495B43571}.CD_ROM|Mixed Platforms.Build.0 = Release|Any CPU
		{30117C2C-23F3-4816-9A93-43B495B43571}.CD_ROM|x64.ActiveCfg = Debug|Any CPU
		{30117C2C-23F3-4816-9A93-43B495B43571}.CD_ROM|x64.Build.0 = Debug|Any CPU
		{30117C2C-23F3-4816-9A93-43B495B43571}.CD_ROM|x86.ActiveCfg = Release|Any CPU
		{30117C2C-23F3-4816-9A93-43B495B43571}.Debug 1.8|Any CPU.ActiveCfg = Debug|Any CPU
		{30117C2C-23F3-4816-9A93-43B495B43571}.Debug 1.8|Any CPU.Build.0 = Debug|Any CPU
		{30117C2C-23F3-4816-9A93-43B495B43571}.Debug 1.8|Mixed Platforms.ActiveCfg = Debug|Any CPU
		{30117C2C-23F3-4816-9A93-43B495B43571}.Debug 1.8|Mixed Platforms.Build.0 = Debug|Any CPU
		{30117C2C-23F3-4816-9A93-43B495B43571}.Debug 1.8|x64.ActiveCfg = Debug|Any CPU
		{30117C2C-23F3-4816-9A93-43B495B43571}.Debug 1.8|x64.Build.0 = Debug|Any CPU
		{30117C2C-23F3-4816-9A93-43B495B43571}.Debug 1.8|x86.ActiveCfg = Debug|Any CPU
		{30117C2C-23F3-4816-9A93-43B495B43571}.Debug 1.9|Any CPU.ActiveCfg = Debug|Any CPU
		{30117C2C-23F3-4816-9A93-43B495B43571}.Debug 1.9|Any CPU.Build.0 = Debug|Any CPU
		{30117C2C-23F3-4816-9A93-43B495B43571}.Debug 1.9|Mixed Platforms.ActiveCfg = Debug|Any CPU
		{30117C2C-23F3-4816-9A93-43B495B43571}.Debug 1.9|Mixed Platforms.Build.0 = Debug|Any CPU
		{30117C2C-23F3-4816-9A93-43B495B43571}.Debug 1.9|x64.ActiveCfg = Debug|Any CPU
		{30117C2C-23F3-4816-9A93-43B495B43571}.Debug 1.9|x64.Build.0 = Debug|Any CPU
		{30117C2C-23F3-4816-9A93-43B495B43571}.Debug 1.9|x86.ActiveCfg = Debug|Any CPU
		{30117C2C-23F3-4816-9A93-43B495B43571}.Debug|Any CPU.ActiveCfg = Debug|Any CPU
		{30117C2C-23F3-4816-9A93-43B495B43571}.Debug|Mixed Platforms.ActiveCfg = Debug|Any CPU
		{30117C2C-23F3-4816-9A93-43B495B43571}.Debug|x64.ActiveCfg = Debug|Any CPU
		{30117C2C-23F3-4816-9A93-43B495B43571}.Debug|x64.Build.0 = Debug|Any CPU
		{30117C2C-23F3-4816-9A93-43B495B43571}.Debug|x86.ActiveCfg = Debug|x86
		{30117C2C-23F3-4816-9A93-43B495B43571}.Debug|x86.Build.0 = Debug|x86
		{30117C2C-23F3-4816-9A93-43B495B43571}.DVD-5|Any CPU.ActiveCfg = Debug|Any CPU
		{30117C2C-23F3-4816-9A93-43B495B43571}.DVD-5|Any CPU.Build.0 = Debug|Any CPU
		{30117C2C-23F3-4816-9A93-43B495B43571}.DVD-5|Mixed Platforms.ActiveCfg = Debug|Any CPU
		{30117C2C-23F3-4816-9A93-43B495B43571}.DVD-5|Mixed Platforms.Build.0 = Debug|Any CPU
		{30117C2C-23F3-4816-9A93-43B495B43571}.DVD-5|x64.ActiveCfg = Debug|Any CPU
		{30117C2C-23F3-4816-9A93-43B495B43571}.DVD-5|x64.Build.0 = Debug|Any CPU
		{30117C2C-23F3-4816-9A93-43B495B43571}.DVD-5|x86.ActiveCfg = Debug|Any CPU
		{30117C2C-23F3-4816-9A93-43B495B43571}.Enterprise anonymous|Any CPU.ActiveCfg = Debug|Any CPU
		{30117C2C-23F3-4816-9A93-43B495B43571}.Enterprise anonymous|Any CPU.Build.0 = Debug|Any CPU
		{30117C2C-23F3-4816-9A93-43B495B43571}.Enterprise anonymous|Mixed Platforms.ActiveCfg = Release|x86
		{30117C2C-23F3-4816-9A93-43B495B43571}.Enterprise anonymous|Mixed Platforms.Build.0 = Release|x86
		{30117C2C-23F3-4816-9A93-43B495B43571}.Enterprise anonymous|x64.ActiveCfg = Debug|Any CPU
		{30117C2C-23F3-4816-9A93-43B495B43571}.Enterprise anonymous|x64.Build.0 = Debug|Any CPU
		{30117C2C-23F3-4816-9A93-43B495B43571}.Enterprise anonymous|x86.ActiveCfg = Release|x86
		{30117C2C-23F3-4816-9A93-43B495B43571}.Enterprise anonymous|x86.Build.0 = Release|x86
		{30117C2C-23F3-4816-9A93-43B495B43571}.Enterprise non-anonymous|Any CPU.ActiveCfg = Debug|Any CPU
		{30117C2C-23F3-4816-9A93-43B495B43571}.Enterprise non-anonymous|Any CPU.Build.0 = Debug|Any CPU
		{30117C2C-23F3-4816-9A93-43B495B43571}.Enterprise non-anonymous|Mixed Platforms.ActiveCfg = Release|x86
		{30117C2C-23F3-4816-9A93-43B495B43571}.Enterprise non-anonymous|Mixed Platforms.Build.0 = Release|x86
		{30117C2C-23F3-4816-9A93-43B495B43571}.Enterprise non-anonymous|x64.ActiveCfg = Debug|Any CPU
		{30117C2C-23F3-4816-9A93-43B495B43571}.Enterprise non-anonymous|x64.Build.0 = Debug|Any CPU
		{30117C2C-23F3-4816-9A93-43B495B43571}.Enterprise non-anonymous|x86.ActiveCfg = Release|x86
		{30117C2C-23F3-4816-9A93-43B495B43571}.Enterprise non-anonymous|x86.Build.0 = Release|x86
		{30117C2C-23F3-4816-9A93-43B495B43571}.Instructor|Any CPU.ActiveCfg = Debug|Any CPU
		{30117C2C-23F3-4816-9A93-43B495B43571}.Instructor|Any CPU.Build.0 = Debug|Any CPU
		{30117C2C-23F3-4816-9A93-43B495B43571}.Instructor|Mixed Platforms.ActiveCfg = Release|x86
		{30117C2C-23F3-4816-9A93-43B495B43571}.Instructor|Mixed Platforms.Build.0 = Release|x86
		{30117C2C-23F3-4816-9A93-43B495B43571}.Instructor|x64.ActiveCfg = Debug|Any CPU
		{30117C2C-23F3-4816-9A93-43B495B43571}.Instructor|x64.Build.0 = Debug|Any CPU
		{30117C2C-23F3-4816-9A93-43B495B43571}.Instructor|x86.ActiveCfg = Release|x86
		{30117C2C-23F3-4816-9A93-43B495B43571}.Instructor|x86.Build.0 = Release|x86
		{30117C2C-23F3-4816-9A93-43B495B43571}.Release|Any CPU.ActiveCfg = Release|Any CPU
		{30117C2C-23F3-4816-9A93-43B495B43571}.Release|Any CPU.Build.0 = Release|Any CPU
		{30117C2C-23F3-4816-9A93-43B495B43571}.Release|Mixed Platforms.ActiveCfg = Release|Any CPU
		{30117C2C-23F3-4816-9A93-43B495B43571}.Release|Mixed Platforms.Build.0 = Release|Any CPU
		{30117C2C-23F3-4816-9A93-43B495B43571}.Release|x64.ActiveCfg = Release|Any CPU
		{30117C2C-23F3-4816-9A93-43B495B43571}.Release|x64.Build.0 = Release|Any CPU
		{30117C2C-23F3-4816-9A93-43B495B43571}.Release|x86.ActiveCfg = Release|Any CPU
		{30117C2C-23F3-4816-9A93-43B495B43571}.SingleImage|Any CPU.ActiveCfg = Release|Any CPU
		{30117C2C-23F3-4816-9A93-43B495B43571}.SingleImage|Any CPU.Build.0 = Release|Any CPU
		{30117C2C-23F3-4816-9A93-43B495B43571}.SingleImage|Mixed Platforms.ActiveCfg = Release|Any CPU
		{30117C2C-23F3-4816-9A93-43B495B43571}.SingleImage|Mixed Platforms.Build.0 = Release|Any CPU
		{30117C2C-23F3-4816-9A93-43B495B43571}.SingleImage|x64.ActiveCfg = Debug|Any CPU
		{30117C2C-23F3-4816-9A93-43B495B43571}.SingleImage|x64.Build.0 = Debug|Any CPU
		{30117C2C-23F3-4816-9A93-43B495B43571}.SingleImage|x86.ActiveCfg = Release|Any CPU
		{2D5F9B54-C3D0-49C6-9AAE-D21182CD5890}.CD_ROM|Any CPU.ActiveCfg = Release|x86
		{2D5F9B54-C3D0-49C6-9AAE-D21182CD5890}.CD_ROM|Mixed Platforms.ActiveCfg = Release|x86
		{2D5F9B54-C3D0-49C6-9AAE-D21182CD5890}.CD_ROM|Mixed Platforms.Build.0 = Release|x86
		{2D5F9B54-C3D0-49C6-9AAE-D21182CD5890}.CD_ROM|x64.ActiveCfg = Debug|x86
		{2D5F9B54-C3D0-49C6-9AAE-D21182CD5890}.CD_ROM|x64.Build.0 = Debug|x86
		{2D5F9B54-C3D0-49C6-9AAE-D21182CD5890}.CD_ROM|x86.ActiveCfg = Release|x86
		{2D5F9B54-C3D0-49C6-9AAE-D21182CD5890}.CD_ROM|x86.Build.0 = Release|x86
		{2D5F9B54-C3D0-49C6-9AAE-D21182CD5890}.Debug 1.8|Any CPU.ActiveCfg = Debug|x86
		{2D5F9B54-C3D0-49C6-9AAE-D21182CD5890}.Debug 1.8|Mixed Platforms.ActiveCfg = Debug|x86
		{2D5F9B54-C3D0-49C6-9AAE-D21182CD5890}.Debug 1.8|Mixed Platforms.Build.0 = Debug|x86
		{2D5F9B54-C3D0-49C6-9AAE-D21182CD5890}.Debug 1.8|x64.ActiveCfg = Debug|x86
		{2D5F9B54-C3D0-49C6-9AAE-D21182CD5890}.Debug 1.8|x64.Build.0 = Debug|x86
		{2D5F9B54-C3D0-49C6-9AAE-D21182CD5890}.Debug 1.8|x86.ActiveCfg = Debug|x86
		{2D5F9B54-C3D0-49C6-9AAE-D21182CD5890}.Debug 1.8|x86.Build.0 = Debug|x86
		{2D5F9B54-C3D0-49C6-9AAE-D21182CD5890}.Debug 1.9|Any CPU.ActiveCfg = Debug|x86
		{2D5F9B54-C3D0-49C6-9AAE-D21182CD5890}.Debug 1.9|Mixed Platforms.ActiveCfg = Debug|x86
		{2D5F9B54-C3D0-49C6-9AAE-D21182CD5890}.Debug 1.9|Mixed Platforms.Build.0 = Debug|x86
		{2D5F9B54-C3D0-49C6-9AAE-D21182CD5890}.Debug 1.9|x64.ActiveCfg = Debug|x86
		{2D5F9B54-C3D0-49C6-9AAE-D21182CD5890}.Debug 1.9|x64.Build.0 = Debug|x86
		{2D5F9B54-C3D0-49C6-9AAE-D21182CD5890}.Debug 1.9|x86.ActiveCfg = Debug|x86
		{2D5F9B54-C3D0-49C6-9AAE-D21182CD5890}.Debug 1.9|x86.Build.0 = Debug|x86
		{2D5F9B54-C3D0-49C6-9AAE-D21182CD5890}.Debug|Any CPU.ActiveCfg = Debug|x86
		{2D5F9B54-C3D0-49C6-9AAE-D21182CD5890}.Debug|Mixed Platforms.ActiveCfg = Debug|x86
		{2D5F9B54-C3D0-49C6-9AAE-D21182CD5890}.Debug|x64.ActiveCfg = Debug|x86
		{2D5F9B54-C3D0-49C6-9AAE-D21182CD5890}.Debug|x86.ActiveCfg = Debug|x86
		{2D5F9B54-C3D0-49C6-9AAE-D21182CD5890}.DVD-5|Any CPU.ActiveCfg = Debug|x86
		{2D5F9B54-C3D0-49C6-9AAE-D21182CD5890}.DVD-5|Mixed Platforms.ActiveCfg = Debug|x86
		{2D5F9B54-C3D0-49C6-9AAE-D21182CD5890}.DVD-5|Mixed Platforms.Build.0 = Debug|x86
		{2D5F9B54-C3D0-49C6-9AAE-D21182CD5890}.DVD-5|x64.ActiveCfg = Debug|x86
		{2D5F9B54-C3D0-49C6-9AAE-D21182CD5890}.DVD-5|x64.Build.0 = Debug|x86
		{2D5F9B54-C3D0-49C6-9AAE-D21182CD5890}.DVD-5|x86.ActiveCfg = Debug|x86
		{2D5F9B54-C3D0-49C6-9AAE-D21182CD5890}.DVD-5|x86.Build.0 = Debug|x86
		{2D5F9B54-C3D0-49C6-9AAE-D21182CD5890}.Enterprise anonymous|Any CPU.ActiveCfg = Debug|x86
		{2D5F9B54-C3D0-49C6-9AAE-D21182CD5890}.Enterprise anonymous|Any CPU.Build.0 = Debug|x86
		{2D5F9B54-C3D0-49C6-9AAE-D21182CD5890}.Enterprise anonymous|Mixed Platforms.ActiveCfg = Debug|x86
		{2D5F9B54-C3D0-49C6-9AAE-D21182CD5890}.Enterprise anonymous|Mixed Platforms.Build.0 = Debug|x86
		{2D5F9B54-C3D0-49C6-9AAE-D21182CD5890}.Enterprise anonymous|x64.ActiveCfg = Debug|x86
		{2D5F9B54-C3D0-49C6-9AAE-D21182CD5890}.Enterprise anonymous|x64.Build.0 = Debug|x86
		{2D5F9B54-C3D0-49C6-9AAE-D21182CD5890}.Enterprise anonymous|x86.ActiveCfg = Debug|x86
		{2D5F9B54-C3D0-49C6-9AAE-D21182CD5890}.Enterprise anonymous|x86.Build.0 = Debug|x86
		{2D5F9B54-C3D0-49C6-9AAE-D21182CD5890}.Enterprise non-anonymous|Any CPU.ActiveCfg = Debug|x86
		{2D5F9B54-C3D0-49C6-9AAE-D21182CD5890}.Enterprise non-anonymous|Any CPU.Build.0 = Debug|x86
		{2D5F9B54-C3D0-49C6-9AAE-D21182CD5890}.Enterprise non-anonymous|Mixed Platforms.ActiveCfg = Debug|x86
		{2D5F9B54-C3D0-49C6-9AAE-D21182CD5890}.Enterprise non-anonymous|Mixed Platforms.Build.0 = Debug|x86
		{2D5F9B54-C3D0-49C6-9AAE-D21182CD5890}.Enterprise non-anonymous|x64.ActiveCfg = Debug|x86
		{2D5F9B54-C3D0-49C6-9AAE-D21182CD5890}.Enterprise non-anonymous|x64.Build.0 = Debug|x86
		{2D5F9B54-C3D0-49C6-9AAE-D21182CD5890}.Enterprise non-anonymous|x86.ActiveCfg = Debug|x86
		{2D5F9B54-C3D0-49C6-9AAE-D21182CD5890}.Enterprise non-anonymous|x86.Build.0 = Debug|x86
		{2D5F9B54-C3D0-49C6-9AAE-D21182CD5890}.Instructor|Any CPU.ActiveCfg = Debug|x86
		{2D5F9B54-C3D0-49C6-9AAE-D21182CD5890}.Instructor|Any CPU.Build.0 = Debug|x86
		{2D5F9B54-C3D0-49C6-9AAE-D21182CD5890}.Instructor|Mixed Platforms.ActiveCfg = Debug|x86
		{2D5F9B54-C3D0-49C6-9AAE-D21182CD5890}.Instructor|Mixed Platforms.Build.0 = Debug|x86
		{2D5F9B54-C3D0-49C6-9AAE-D21182CD5890}.Instructor|x64.ActiveCfg = Debug|x86
		{2D5F9B54-C3D0-49C6-9AAE-D21182CD5890}.Instructor|x64.Build.0 = Debug|x86
		{2D5F9B54-C3D0-49C6-9AAE-D21182CD5890}.Instructor|x86.ActiveCfg = Debug|x86
		{2D5F9B54-C3D0-49C6-9AAE-D21182CD5890}.Instructor|x86.Build.0 = Debug|x86
		{2D5F9B54-C3D0-49C6-9AAE-D21182CD5890}.Release|Any CPU.ActiveCfg = Release|x86
		{2D5F9B54-C3D0-49C6-9AAE-D21182CD5890}.Release|Mixed Platforms.ActiveCfg = Release|x86
		{2D5F9B54-C3D0-49C6-9AAE-D21182CD5890}.Release|Mixed Platforms.Build.0 = Release|x86
		{2D5F9B54-C3D0-49C6-9AAE-D21182CD5890}.Release|x64.ActiveCfg = Release|x86
		{2D5F9B54-C3D0-49C6-9AAE-D21182CD5890}.Release|x86.ActiveCfg = Release|x86
		{2D5F9B54-C3D0-49C6-9AAE-D21182CD5890}.Release|x86.Build.0 = Release|x86
		{2D5F9B54-C3D0-49C6-9AAE-D21182CD5890}.SingleImage|Any CPU.ActiveCfg = Release|x86
		{2D5F9B54-C3D0-49C6-9AAE-D21182CD5890}.SingleImage|Mixed Platforms.ActiveCfg = Release|x86
		{2D5F9B54-C3D0-49C6-9AAE-D21182CD5890}.SingleImage|Mixed Platforms.Build.0 = Release|x86
		{2D5F9B54-C3D0-49C6-9AAE-D21182CD5890}.SingleImage|x64.ActiveCfg = Debug|x86
		{2D5F9B54-C3D0-49C6-9AAE-D21182CD5890}.SingleImage|x64.Build.0 = Debug|x86
		{2D5F9B54-C3D0-49C6-9AAE-D21182CD5890}.SingleImage|x86.ActiveCfg = Release|x86
		{2D5F9B54-C3D0-49C6-9AAE-D21182CD5890}.SingleImage|x86.Build.0 = Release|x86
		{4C412078-1930-43F3-B2B4-5063D520BFE4}.CD_ROM|Any CPU.ActiveCfg = Release|Any CPU
		{4C412078-1930-43F3-B2B4-5063D520BFE4}.CD_ROM|Any CPU.Build.0 = Release|Any CPU
		{4C412078-1930-43F3-B2B4-5063D520BFE4}.CD_ROM|Mixed Platforms.ActiveCfg = Release|Any CPU
		{4C412078-1930-43F3-B2B4-5063D520BFE4}.CD_ROM|Mixed Platforms.Build.0 = Release|Any CPU
		{4C412078-1930-43F3-B2B4-5063D520BFE4}.CD_ROM|x64.ActiveCfg = Debug|Any CPU
		{4C412078-1930-43F3-B2B4-5063D520BFE4}.CD_ROM|x86.ActiveCfg = Release|Any CPU
		{4C412078-1930-43F3-B2B4-5063D520BFE4}.Debug 1.8|Any CPU.ActiveCfg = Debug|Any CPU
		{4C412078-1930-43F3-B2B4-5063D520BFE4}.Debug 1.8|Any CPU.Build.0 = Debug|Any CPU
		{4C412078-1930-43F3-B2B4-5063D520BFE4}.Debug 1.8|Mixed Platforms.ActiveCfg = Debug|Any CPU
		{4C412078-1930-43F3-B2B4-5063D520BFE4}.Debug 1.8|Mixed Platforms.Build.0 = Debug|Any CPU
		{4C412078-1930-43F3-B2B4-5063D520BFE4}.Debug 1.8|x64.ActiveCfg = Debug|Any CPU
		{4C412078-1930-43F3-B2B4-5063D520BFE4}.Debug 1.8|x86.ActiveCfg = Debug|Any CPU
		{4C412078-1930-43F3-B2B4-5063D520BFE4}.Debug 1.9|Any CPU.ActiveCfg = Debug|Any CPU
		{4C412078-1930-43F3-B2B4-5063D520BFE4}.Debug 1.9|Any CPU.Build.0 = Debug|Any CPU
		{4C412078-1930-43F3-B2B4-5063D520BFE4}.Debug 1.9|Mixed Platforms.ActiveCfg = Debug|Any CPU
		{4C412078-1930-43F3-B2B4-5063D520BFE4}.Debug 1.9|Mixed Platforms.Build.0 = Debug|Any CPU
		{4C412078-1930-43F3-B2B4-5063D520BFE4}.Debug 1.9|x64.ActiveCfg = Debug|Any CPU
		{4C412078-1930-43F3-B2B4-5063D520BFE4}.Debug 1.9|x86.ActiveCfg = Debug|Any CPU
		{4C412078-1930-43F3-B2B4-5063D520BFE4}.Debug|Any CPU.ActiveCfg = Debug|Any CPU
		{4C412078-1930-43F3-B2B4-5063D520BFE4}.Debug|Any CPU.Build.0 = Debug|Any CPU
		{4C412078-1930-43F3-B2B4-5063D520BFE4}.Debug|Mixed Platforms.ActiveCfg = Debug|Any CPU
		{4C412078-1930-43F3-B2B4-5063D520BFE4}.Debug|Mixed Platforms.Build.0 = Debug|Any CPU
		{4C412078-1930-43F3-B2B4-5063D520BFE4}.Debug|x64.ActiveCfg = Debug|Any CPU
		{4C412078-1930-43F3-B2B4-5063D520BFE4}.Debug|x86.ActiveCfg = Debug|Any CPU
		{4C412078-1930-43F3-B2B4-5063D520BFE4}.DVD-5|Any CPU.ActiveCfg = Debug|Any CPU
		{4C412078-1930-43F3-B2B4-5063D520BFE4}.DVD-5|Any CPU.Build.0 = Debug|Any CPU
		{4C412078-1930-43F3-B2B4-5063D520BFE4}.DVD-5|Mixed Platforms.ActiveCfg = Debug|Any CPU
		{4C412078-1930-43F3-B2B4-5063D520BFE4}.DVD-5|Mixed Platforms.Build.0 = Debug|Any CPU
		{4C412078-1930-43F3-B2B4-5063D520BFE4}.DVD-5|x64.ActiveCfg = Debug|Any CPU
		{4C412078-1930-43F3-B2B4-5063D520BFE4}.DVD-5|x86.ActiveCfg = Debug|Any CPU
		{4C412078-1930-43F3-B2B4-5063D520BFE4}.Enterprise anonymous|Any CPU.ActiveCfg = Debug|Any CPU
		{4C412078-1930-43F3-B2B4-5063D520BFE4}.Enterprise anonymous|Mixed Platforms.ActiveCfg = Debug|Any CPU
		{4C412078-1930-43F3-B2B4-5063D520BFE4}.Enterprise anonymous|x64.ActiveCfg = Debug|Any CPU
		{4C412078-1930-43F3-B2B4-5063D520BFE4}.Enterprise anonymous|x86.ActiveCfg = Debug|Any CPU
		{4C412078-1930-43F3-B2B4-5063D520BFE4}.Enterprise non-anonymous|Any CPU.ActiveCfg = Debug|Any CPU
		{4C412078-1930-43F3-B2B4-5063D520BFE4}.Enterprise non-anonymous|Mixed Platforms.ActiveCfg = Debug|Any CPU
		{4C412078-1930-43F3-B2B4-5063D520BFE4}.Enterprise non-anonymous|x64.ActiveCfg = Debug|Any CPU
		{4C412078-1930-43F3-B2B4-5063D520BFE4}.Enterprise non-anonymous|x86.ActiveCfg = Debug|Any CPU
		{4C412078-1930-43F3-B2B4-5063D520BFE4}.Instructor|Any CPU.ActiveCfg = Debug|Any CPU
		{4C412078-1930-43F3-B2B4-5063D520BFE4}.Instructor|Mixed Platforms.ActiveCfg = Debug|Any CPU
		{4C412078-1930-43F3-B2B4-5063D520BFE4}.Instructor|x64.ActiveCfg = Debug|Any CPU
		{4C412078-1930-43F3-B2B4-5063D520BFE4}.Instructor|x86.ActiveCfg = Debug|Any CPU
		{4C412078-1930-43F3-B2B4-5063D520BFE4}.Release|Any CPU.ActiveCfg = Release|Any CPU
		{4C412078-1930-43F3-B2B4-5063D520BFE4}.Release|Any CPU.Build.0 = Release|Any CPU
		{4C412078-1930-43F3-B2B4-5063D520BFE4}.Release|Mixed Platforms.ActiveCfg = Release|Any CPU
		{4C412078-1930-43F3-B2B4-5063D520BFE4}.Release|Mixed Platforms.Build.0 = Release|Any CPU
		{4C412078-1930-43F3-B2B4-5063D520BFE4}.Release|x64.ActiveCfg = Release|Any CPU
		{4C412078-1930-43F3-B2B4-5063D520BFE4}.Release|x86.ActiveCfg = Release|Any CPU
		{4C412078-1930-43F3-B2B4-5063D520BFE4}.SingleImage|Any CPU.ActiveCfg = Release|Any CPU
		{4C412078-1930-43F3-B2B4-5063D520BFE4}.SingleImage|Any CPU.Build.0 = Release|Any CPU
		{4C412078-1930-43F3-B2B4-5063D520BFE4}.SingleImage|Mixed Platforms.ActiveCfg = Release|Any CPU
		{4C412078-1930-43F3-B2B4-5063D520BFE4}.SingleImage|Mixed Platforms.Build.0 = Release|Any CPU
		{4C412078-1930-43F3-B2B4-5063D520BFE4}.SingleImage|x64.ActiveCfg = Debug|Any CPU
		{4C412078-1930-43F3-B2B4-5063D520BFE4}.SingleImage|x86.ActiveCfg = Release|Any CPU
		{A78572D2-2116-4052-B7A6-5324FF764B14}.CD_ROM|Any CPU.ActiveCfg = Release|Any CPU
		{A78572D2-2116-4052-B7A6-5324FF764B14}.CD_ROM|Any CPU.Build.0 = Release|Any CPU
		{A78572D2-2116-4052-B7A6-5324FF764B14}.CD_ROM|Mixed Platforms.ActiveCfg = Release|Any CPU
		{A78572D2-2116-4052-B7A6-5324FF764B14}.CD_ROM|Mixed Platforms.Build.0 = Release|Any CPU
		{A78572D2-2116-4052-B7A6-5324FF764B14}.CD_ROM|x64.ActiveCfg = Debug|Any CPU
		{A78572D2-2116-4052-B7A6-5324FF764B14}.CD_ROM|x86.ActiveCfg = Release|Any CPU
		{A78572D2-2116-4052-B7A6-5324FF764B14}.Debug 1.8|Any CPU.ActiveCfg = Debug|Any CPU
		{A78572D2-2116-4052-B7A6-5324FF764B14}.Debug 1.8|Any CPU.Build.0 = Debug|Any CPU
		{A78572D2-2116-4052-B7A6-5324FF764B14}.Debug 1.8|Mixed Platforms.ActiveCfg = Debug|Any CPU
		{A78572D2-2116-4052-B7A6-5324FF764B14}.Debug 1.8|Mixed Platforms.Build.0 = Debug|Any CPU
		{A78572D2-2116-4052-B7A6-5324FF764B14}.Debug 1.8|x64.ActiveCfg = Debug|Any CPU
		{A78572D2-2116-4052-B7A6-5324FF764B14}.Debug 1.8|x86.ActiveCfg = Debug|Any CPU
		{A78572D2-2116-4052-B7A6-5324FF764B14}.Debug 1.9|Any CPU.ActiveCfg = Debug|Any CPU
		{A78572D2-2116-4052-B7A6-5324FF764B14}.Debug 1.9|Any CPU.Build.0 = Debug|Any CPU
		{A78572D2-2116-4052-B7A6-5324FF764B14}.Debug 1.9|Mixed Platforms.ActiveCfg = Debug|Any CPU
		{A78572D2-2116-4052-B7A6-5324FF764B14}.Debug 1.9|Mixed Platforms.Build.0 = Debug|Any CPU
		{A78572D2-2116-4052-B7A6-5324FF764B14}.Debug 1.9|x64.ActiveCfg = Debug|Any CPU
		{A78572D2-2116-4052-B7A6-5324FF764B14}.Debug 1.9|x86.ActiveCfg = Debug|Any CPU
		{A78572D2-2116-4052-B7A6-5324FF764B14}.Debug|Any CPU.ActiveCfg = Debug|Any CPU
		{A78572D2-2116-4052-B7A6-5324FF764B14}.Debug|Any CPU.Build.0 = Debug|Any CPU
		{A78572D2-2116-4052-B7A6-5324FF764B14}.Debug|Mixed Platforms.ActiveCfg = Debug|Any CPU
		{A78572D2-2116-4052-B7A6-5324FF764B14}.Debug|Mixed Platforms.Build.0 = Debug|Any CPU
		{A78572D2-2116-4052-B7A6-5324FF764B14}.Debug|x64.ActiveCfg = Debug|Any CPU
		{A78572D2-2116-4052-B7A6-5324FF764B14}.Debug|x86.ActiveCfg = Debug|Any CPU
		{A78572D2-2116-4052-B7A6-5324FF764B14}.DVD-5|Any CPU.ActiveCfg = Debug|Any CPU
		{A78572D2-2116-4052-B7A6-5324FF764B14}.DVD-5|Any CPU.Build.0 = Debug|Any CPU
		{A78572D2-2116-4052-B7A6-5324FF764B14}.DVD-5|Mixed Platforms.ActiveCfg = Debug|Any CPU
		{A78572D2-2116-4052-B7A6-5324FF764B14}.DVD-5|Mixed Platforms.Build.0 = Debug|Any CPU
		{A78572D2-2116-4052-B7A6-5324FF764B14}.DVD-5|x64.ActiveCfg = Debug|Any CPU
		{A78572D2-2116-4052-B7A6-5324FF764B14}.DVD-5|x86.ActiveCfg = Debug|Any CPU
		{A78572D2-2116-4052-B7A6-5324FF764B14}.Enterprise anonymous|Any CPU.ActiveCfg = Debug|Any CPU
		{A78572D2-2116-4052-B7A6-5324FF764B14}.Enterprise anonymous|Mixed Platforms.ActiveCfg = Debug|Any CPU
		{A78572D2-2116-4052-B7A6-5324FF764B14}.Enterprise anonymous|x64.ActiveCfg = Debug|Any CPU
		{A78572D2-2116-4052-B7A6-5324FF764B14}.Enterprise anonymous|x86.ActiveCfg = Debug|Any CPU
		{A78572D2-2116-4052-B7A6-5324FF764B14}.Enterprise non-anonymous|Any CPU.ActiveCfg = Debug|Any CPU
		{A78572D2-2116-4052-B7A6-5324FF764B14}.Enterprise non-anonymous|Mixed Platforms.ActiveCfg = Debug|Any CPU
		{A78572D2-2116-4052-B7A6-5324FF764B14}.Enterprise non-anonymous|x64.ActiveCfg = Debug|Any CPU
		{A78572D2-2116-4052-B7A6-5324FF764B14}.Enterprise non-anonymous|x86.ActiveCfg = Debug|Any CPU
		{A78572D2-2116-4052-B7A6-5324FF764B14}.Instructor|Any CPU.ActiveCfg = Debug|Any CPU
		{A78572D2-2116-4052-B7A6-5324FF764B14}.Instructor|Mixed Platforms.ActiveCfg = Debug|Any CPU
		{A78572D2-2116-4052-B7A6-5324FF764B14}.Instructor|x64.ActiveCfg = Debug|Any CPU
		{A78572D2-2116-4052-B7A6-5324FF764B14}.Instructor|x86.ActiveCfg = Debug|Any CPU
		{A78572D2-2116-4052-B7A6-5324FF764B14}.Release|Any CPU.ActiveCfg = Release|Any CPU
		{A78572D2-2116-4052-B7A6-5324FF764B14}.Release|Any CPU.Build.0 = Release|Any CPU
		{A78572D2-2116-4052-B7A6-5324FF764B14}.Release|Mixed Platforms.ActiveCfg = Release|Any CPU
		{A78572D2-2116-4052-B7A6-5324FF764B14}.Release|Mixed Platforms.Build.0 = Release|Any CPU
		{A78572D2-2116-4052-B7A6-5324FF764B14}.Release|x64.ActiveCfg = Release|Any CPU
		{A78572D2-2116-4052-B7A6-5324FF764B14}.Release|x86.ActiveCfg = Release|Any CPU
		{A78572D2-2116-4052-B7A6-5324FF764B14}.SingleImage|Any CPU.ActiveCfg = Release|Any CPU
		{A78572D2-2116-4052-B7A6-5324FF764B14}.SingleImage|Any CPU.Build.0 = Release|Any CPU
		{A78572D2-2116-4052-B7A6-5324FF764B14}.SingleImage|Mixed Platforms.ActiveCfg = Release|Any CPU
		{A78572D2-2116-4052-B7A6-5324FF764B14}.SingleImage|Mixed Platforms.Build.0 = Release|Any CPU
		{A78572D2-2116-4052-B7A6-5324FF764B14}.SingleImage|x64.ActiveCfg = Debug|Any CPU
		{A78572D2-2116-4052-B7A6-5324FF764B14}.SingleImage|x86.ActiveCfg = Release|Any CPU
		{67192C0B-50E9-40D9-B1F0-0A4233586D92}.CD_ROM|Any CPU.ActiveCfg = Release|Any CPU
		{67192C0B-50E9-40D9-B1F0-0A4233586D92}.CD_ROM|Any CPU.Build.0 = Release|Any CPU
		{67192C0B-50E9-40D9-B1F0-0A4233586D92}.CD_ROM|Mixed Platforms.ActiveCfg = Release|Any CPU
		{67192C0B-50E9-40D9-B1F0-0A4233586D92}.CD_ROM|Mixed Platforms.Build.0 = Release|Any CPU
		{67192C0B-50E9-40D9-B1F0-0A4233586D92}.CD_ROM|x64.ActiveCfg = Debug|Any CPU
		{67192C0B-50E9-40D9-B1F0-0A4233586D92}.CD_ROM|x64.Build.0 = Debug|Any CPU
		{67192C0B-50E9-40D9-B1F0-0A4233586D92}.CD_ROM|x86.ActiveCfg = Release|Any CPU
		{67192C0B-50E9-40D9-B1F0-0A4233586D92}.Debug 1.8|Any CPU.ActiveCfg = Debug|Any CPU
		{67192C0B-50E9-40D9-B1F0-0A4233586D92}.Debug 1.8|Any CPU.Build.0 = Debug|Any CPU
		{67192C0B-50E9-40D9-B1F0-0A4233586D92}.Debug 1.8|Mixed Platforms.ActiveCfg = Debug|Any CPU
		{67192C0B-50E9-40D9-B1F0-0A4233586D92}.Debug 1.8|Mixed Platforms.Build.0 = Debug|Any CPU
		{67192C0B-50E9-40D9-B1F0-0A4233586D92}.Debug 1.8|x64.ActiveCfg = Debug|Any CPU
		{67192C0B-50E9-40D9-B1F0-0A4233586D92}.Debug 1.8|x64.Build.0 = Debug|Any CPU
		{67192C0B-50E9-40D9-B1F0-0A4233586D92}.Debug 1.8|x86.ActiveCfg = Debug|Any CPU
		{67192C0B-50E9-40D9-B1F0-0A4233586D92}.Debug 1.9|Any CPU.ActiveCfg = Debug|Any CPU
		{67192C0B-50E9-40D9-B1F0-0A4233586D92}.Debug 1.9|Any CPU.Build.0 = Debug|Any CPU
		{67192C0B-50E9-40D9-B1F0-0A4233586D92}.Debug 1.9|Mixed Platforms.ActiveCfg = Debug|Any CPU
		{67192C0B-50E9-40D9-B1F0-0A4233586D92}.Debug 1.9|Mixed Platforms.Build.0 = Debug|Any CPU
		{67192C0B-50E9-40D9-B1F0-0A4233586D92}.Debug 1.9|x64.ActiveCfg = Debug|Any CPU
		{67192C0B-50E9-40D9-B1F0-0A4233586D92}.Debug 1.9|x64.Build.0 = Debug|Any CPU
		{67192C0B-50E9-40D9-B1F0-0A4233586D92}.Debug 1.9|x86.ActiveCfg = Debug|Any CPU
		{67192C0B-50E9-40D9-B1F0-0A4233586D92}.Debug|Any CPU.ActiveCfg = Debug|Any CPU
		{67192C0B-50E9-40D9-B1F0-0A4233586D92}.Debug|Any CPU.Build.0 = Debug|Any CPU
		{67192C0B-50E9-40D9-B1F0-0A4233586D92}.Debug|Mixed Platforms.ActiveCfg = Debug|Any CPU
		{67192C0B-50E9-40D9-B1F0-0A4233586D92}.Debug|Mixed Platforms.Build.0 = Debug|Any CPU
		{67192C0B-50E9-40D9-B1F0-0A4233586D92}.Debug|x64.ActiveCfg = Debug|Any CPU
		{67192C0B-50E9-40D9-B1F0-0A4233586D92}.Debug|x64.Build.0 = Debug|Any CPU
		{67192C0B-50E9-40D9-B1F0-0A4233586D92}.Debug|x86.ActiveCfg = Debug|Any CPU
		{67192C0B-50E9-40D9-B1F0-0A4233586D92}.DVD-5|Any CPU.ActiveCfg = Debug|Any CPU
		{67192C0B-50E9-40D9-B1F0-0A4233586D92}.DVD-5|Any CPU.Build.0 = Debug|Any CPU
		{67192C0B-50E9-40D9-B1F0-0A4233586D92}.DVD-5|Mixed Platforms.ActiveCfg = Debug|Any CPU
		{67192C0B-50E9-40D9-B1F0-0A4233586D92}.DVD-5|Mixed Platforms.Build.0 = Debug|Any CPU
		{67192C0B-50E9-40D9-B1F0-0A4233586D92}.DVD-5|x64.ActiveCfg = Debug|Any CPU
		{67192C0B-50E9-40D9-B1F0-0A4233586D92}.DVD-5|x64.Build.0 = Debug|Any CPU
		{67192C0B-50E9-40D9-B1F0-0A4233586D92}.DVD-5|x86.ActiveCfg = Debug|Any CPU
		{67192C0B-50E9-40D9-B1F0-0A4233586D92}.Enterprise anonymous|Any CPU.ActiveCfg = Debug|Any CPU
		{67192C0B-50E9-40D9-B1F0-0A4233586D92}.Enterprise anonymous|Any CPU.Build.0 = Debug|Any CPU
		{67192C0B-50E9-40D9-B1F0-0A4233586D92}.Enterprise anonymous|Mixed Platforms.ActiveCfg = Debug|Any CPU
		{67192C0B-50E9-40D9-B1F0-0A4233586D92}.Enterprise anonymous|Mixed Platforms.Build.0 = Debug|Any CPU
		{67192C0B-50E9-40D9-B1F0-0A4233586D92}.Enterprise anonymous|x64.ActiveCfg = Debug|Any CPU
		{67192C0B-50E9-40D9-B1F0-0A4233586D92}.Enterprise anonymous|x64.Build.0 = Debug|Any CPU
		{67192C0B-50E9-40D9-B1F0-0A4233586D92}.Enterprise anonymous|x86.ActiveCfg = Debug|Any CPU
		{67192C0B-50E9-40D9-B1F0-0A4233586D92}.Enterprise anonymous|x86.Build.0 = Debug|Any CPU
		{67192C0B-50E9-40D9-B1F0-0A4233586D92}.Enterprise non-anonymous|Any CPU.ActiveCfg = Debug|Any CPU
		{67192C0B-50E9-40D9-B1F0-0A4233586D92}.Enterprise non-anonymous|Any CPU.Build.0 = Debug|Any CPU
		{67192C0B-50E9-40D9-B1F0-0A4233586D92}.Enterprise non-anonymous|Mixed Platforms.ActiveCfg = Debug|Any CPU
		{67192C0B-50E9-40D9-B1F0-0A4233586D92}.Enterprise non-anonymous|Mixed Platforms.Build.0 = Debug|Any CPU
		{67192C0B-50E9-40D9-B1F0-0A4233586D92}.Enterprise non-anonymous|x64.ActiveCfg = Debug|Any CPU
		{67192C0B-50E9-40D9-B1F0-0A4233586D92}.Enterprise non-anonymous|x64.Build.0 = Debug|Any CPU
		{67192C0B-50E9-40D9-B1F0-0A4233586D92}.Enterprise non-anonymous|x86.ActiveCfg = Debug|Any CPU
		{67192C0B-50E9-40D9-B1F0-0A4233586D92}.Enterprise non-anonymous|x86.Build.0 = Debug|Any CPU
		{67192C0B-50E9-40D9-B1F0-0A4233586D92}.Instructor|Any CPU.ActiveCfg = Debug|Any CPU
		{67192C0B-50E9-40D9-B1F0-0A4233586D92}.Instructor|Any CPU.Build.0 = Debug|Any CPU
		{67192C0B-50E9-40D9-B1F0-0A4233586D92}.Instructor|Mixed Platforms.ActiveCfg = Debug|Any CPU
		{67192C0B-50E9-40D9-B1F0-0A4233586D92}.Instructor|Mixed Platforms.Build.0 = Debug|Any CPU
		{67192C0B-50E9-40D9-B1F0-0A4233586D92}.Instructor|x64.ActiveCfg = Debug|Any CPU
		{67192C0B-50E9-40D9-B1F0-0A4233586D92}.Instructor|x64.Build.0 = Debug|Any CPU
		{67192C0B-50E9-40D9-B1F0-0A4233586D92}.Instructor|x86.ActiveCfg = Debug|Any CPU
		{67192C0B-50E9-40D9-B1F0-0A4233586D92}.Instructor|x86.Build.0 = Debug|Any CPU
		{67192C0B-50E9-40D9-B1F0-0A4233586D92}.Release|Any CPU.ActiveCfg = Release|Any CPU
		{67192C0B-50E9-40D9-B1F0-0A4233586D92}.Release|Any CPU.Build.0 = Release|Any CPU
		{67192C0B-50E9-40D9-B1F0-0A4233586D92}.Release|Mixed Platforms.ActiveCfg = Release|Any CPU
		{67192C0B-50E9-40D9-B1F0-0A4233586D92}.Release|Mixed Platforms.Build.0 = Release|Any CPU
		{67192C0B-50E9-40D9-B1F0-0A4233586D92}.Release|x64.ActiveCfg = Release|Any CPU
		{67192C0B-50E9-40D9-B1F0-0A4233586D92}.Release|x64.Build.0 = Release|Any CPU
		{67192C0B-50E9-40D9-B1F0-0A4233586D92}.Release|x86.ActiveCfg = Release|Any CPU
		{67192C0B-50E9-40D9-B1F0-0A4233586D92}.SingleImage|Any CPU.ActiveCfg = Release|Any CPU
		{67192C0B-50E9-40D9-B1F0-0A4233586D92}.SingleImage|Any CPU.Build.0 = Release|Any CPU
		{67192C0B-50E9-40D9-B1F0-0A4233586D92}.SingleImage|Mixed Platforms.ActiveCfg = Release|Any CPU
		{67192C0B-50E9-40D9-B1F0-0A4233586D92}.SingleImage|Mixed Platforms.Build.0 = Release|Any CPU
		{67192C0B-50E9-40D9-B1F0-0A4233586D92}.SingleImage|x64.ActiveCfg = Debug|Any CPU
		{67192C0B-50E9-40D9-B1F0-0A4233586D92}.SingleImage|x64.Build.0 = Debug|Any CPU
		{67192C0B-50E9-40D9-B1F0-0A4233586D92}.SingleImage|x86.ActiveCfg = Release|Any CPU
		{56499D73-333B-4667-A123-D44D180429C4}.CD_ROM|Any CPU.ActiveCfg = Enterprise anonymous|Any CPU
		{56499D73-333B-4667-A123-D44D180429C4}.CD_ROM|Any CPU.Build.0 = Enterprise anonymous|Any CPU
		{56499D73-333B-4667-A123-D44D180429C4}.CD_ROM|Mixed Platforms.ActiveCfg = Enterprise anonymous|x86
		{56499D73-333B-4667-A123-D44D180429C4}.CD_ROM|Mixed Platforms.Build.0 = Enterprise anonymous|x86
		{56499D73-333B-4667-A123-D44D180429C4}.CD_ROM|x64.ActiveCfg = Enterprise anonymous|x64
		{56499D73-333B-4667-A123-D44D180429C4}.CD_ROM|x64.Build.0 = Enterprise anonymous|x64
		{56499D73-333B-4667-A123-D44D180429C4}.CD_ROM|x86.ActiveCfg = Enterprise anonymous|x86
		{56499D73-333B-4667-A123-D44D180429C4}.CD_ROM|x86.Build.0 = Enterprise anonymous|x86
		{56499D73-333B-4667-A123-D44D180429C4}.Debug 1.8|Any CPU.ActiveCfg = Debug|Any CPU
		{56499D73-333B-4667-A123-D44D180429C4}.Debug 1.8|Any CPU.Build.0 = Debug|Any CPU
		{56499D73-333B-4667-A123-D44D180429C4}.Debug 1.8|Mixed Platforms.ActiveCfg = Debug|x86
		{56499D73-333B-4667-A123-D44D180429C4}.Debug 1.8|Mixed Platforms.Build.0 = Debug|x86
		{56499D73-333B-4667-A123-D44D180429C4}.Debug 1.8|x64.ActiveCfg = Debug|x64
		{56499D73-333B-4667-A123-D44D180429C4}.Debug 1.8|x64.Build.0 = Debug|x64
		{56499D73-333B-4667-A123-D44D180429C4}.Debug 1.8|x86.ActiveCfg = Debug|x86
		{56499D73-333B-4667-A123-D44D180429C4}.Debug 1.8|x86.Build.0 = Debug|x86
		{56499D73-333B-4667-A123-D44D180429C4}.Debug 1.9|Any CPU.ActiveCfg = Debug|Any CPU
		{56499D73-333B-4667-A123-D44D180429C4}.Debug 1.9|Any CPU.Build.0 = Debug|Any CPU
		{56499D73-333B-4667-A123-D44D180429C4}.Debug 1.9|Mixed Platforms.ActiveCfg = Debug|x86
		{56499D73-333B-4667-A123-D44D180429C4}.Debug 1.9|Mixed Platforms.Build.0 = Debug|x86
		{56499D73-333B-4667-A123-D44D180429C4}.Debug 1.9|x64.ActiveCfg = Debug|x64
		{56499D73-333B-4667-A123-D44D180429C4}.Debug 1.9|x64.Build.0 = Debug|x64
		{56499D73-333B-4667-A123-D44D180429C4}.Debug 1.9|x86.ActiveCfg = Debug|x86
		{56499D73-333B-4667-A123-D44D180429C4}.Debug 1.9|x86.Build.0 = Debug|x86
		{56499D73-333B-4667-A123-D44D180429C4}.Debug|Any CPU.ActiveCfg = Debug|Any CPU
		{56499D73-333B-4667-A123-D44D180429C4}.Debug|Any CPU.Build.0 = Debug|Any CPU
		{56499D73-333B-4667-A123-D44D180429C4}.Debug|Mixed Platforms.ActiveCfg = Debug|x86
		{56499D73-333B-4667-A123-D44D180429C4}.Debug|Mixed Platforms.Build.0 = Debug|x86
		{56499D73-333B-4667-A123-D44D180429C4}.Debug|x64.ActiveCfg = Debug|x64
		{56499D73-333B-4667-A123-D44D180429C4}.Debug|x64.Build.0 = Debug|x64
		{56499D73-333B-4667-A123-D44D180429C4}.Debug|x86.ActiveCfg = Debug|x86
		{56499D73-333B-4667-A123-D44D180429C4}.Debug|x86.Build.0 = Debug|x86
		{56499D73-333B-4667-A123-D44D180429C4}.DVD-5|Any CPU.ActiveCfg = Debug|Any CPU
		{56499D73-333B-4667-A123-D44D180429C4}.DVD-5|Any CPU.Build.0 = Debug|Any CPU
		{56499D73-333B-4667-A123-D44D180429C4}.DVD-5|Mixed Platforms.ActiveCfg = Debug|x86
		{56499D73-333B-4667-A123-D44D180429C4}.DVD-5|Mixed Platforms.Build.0 = Debug|x86
		{56499D73-333B-4667-A123-D44D180429C4}.DVD-5|x64.ActiveCfg = Debug|x64
		{56499D73-333B-4667-A123-D44D180429C4}.DVD-5|x64.Build.0 = Debug|x64
		{56499D73-333B-4667-A123-D44D180429C4}.DVD-5|x86.ActiveCfg = Debug|x86
		{56499D73-333B-4667-A123-D44D180429C4}.DVD-5|x86.Build.0 = Debug|x86
		{56499D73-333B-4667-A123-D44D180429C4}.Enterprise anonymous|Any CPU.ActiveCfg = Enterprise anonymous|Any CPU
		{56499D73-333B-4667-A123-D44D180429C4}.Enterprise anonymous|Any CPU.Build.0 = Enterprise anonymous|Any CPU
		{56499D73-333B-4667-A123-D44D180429C4}.Enterprise anonymous|Mixed Platforms.ActiveCfg = Enterprise anonymous|x86
		{56499D73-333B-4667-A123-D44D180429C4}.Enterprise anonymous|Mixed Platforms.Build.0 = Enterprise anonymous|x86
		{56499D73-333B-4667-A123-D44D180429C4}.Enterprise anonymous|x64.ActiveCfg = Enterprise anonymous|x64
		{56499D73-333B-4667-A123-D44D180429C4}.Enterprise anonymous|x64.Build.0 = Enterprise anonymous|x64
		{56499D73-333B-4667-A123-D44D180429C4}.Enterprise anonymous|x86.ActiveCfg = Enterprise anonymous|x86
		{56499D73-333B-4667-A123-D44D180429C4}.Enterprise anonymous|x86.Build.0 = Enterprise anonymous|x86
		{56499D73-333B-4667-A123-D44D180429C4}.Enterprise non-anonymous|Any CPU.ActiveCfg = Enterprise non-anonymous|Any CPU
		{56499D73-333B-4667-A123-D44D180429C4}.Enterprise non-anonymous|Any CPU.Build.0 = Enterprise non-anonymous|Any CPU
		{56499D73-333B-4667-A123-D44D180429C4}.Enterprise non-anonymous|Mixed Platforms.ActiveCfg = Enterprise non-anonymous|x86
		{56499D73-333B-4667-A123-D44D180429C4}.Enterprise non-anonymous|Mixed Platforms.Build.0 = Enterprise non-anonymous|x86
		{56499D73-333B-4667-A123-D44D180429C4}.Enterprise non-anonymous|x64.ActiveCfg = Enterprise non-anonymous|x64
		{56499D73-333B-4667-A123-D44D180429C4}.Enterprise non-anonymous|x64.Build.0 = Enterprise non-anonymous|x64
		{56499D73-333B-4667-A123-D44D180429C4}.Enterprise non-anonymous|x86.ActiveCfg = Enterprise non-anonymous|x86
		{56499D73-333B-4667-A123-D44D180429C4}.Enterprise non-anonymous|x86.Build.0 = Enterprise non-anonymous|x86
		{56499D73-333B-4667-A123-D44D180429C4}.Instructor|Any CPU.ActiveCfg = Instructor|Any CPU
		{56499D73-333B-4667-A123-D44D180429C4}.Instructor|Any CPU.Build.0 = Instructor|Any CPU
		{56499D73-333B-4667-A123-D44D180429C4}.Instructor|Mixed Platforms.ActiveCfg = Instructor|x86
		{56499D73-333B-4667-A123-D44D180429C4}.Instructor|Mixed Platforms.Build.0 = Instructor|x86
		{56499D73-333B-4667-A123-D44D180429C4}.Instructor|x64.ActiveCfg = Instructor|x64
		{56499D73-333B-4667-A123-D44D180429C4}.Instructor|x64.Build.0 = Instructor|x64
		{56499D73-333B-4667-A123-D44D180429C4}.Instructor|x86.ActiveCfg = Instructor|x86
		{56499D73-333B-4667-A123-D44D180429C4}.Instructor|x86.Build.0 = Instructor|x86
		{56499D73-333B-4667-A123-D44D180429C4}.Release|Any CPU.ActiveCfg = Release|Any CPU
		{56499D73-333B-4667-A123-D44D180429C4}.Release|Any CPU.Build.0 = Release|Any CPU
		{56499D73-333B-4667-A123-D44D180429C4}.Release|Mixed Platforms.ActiveCfg = Release|x86
		{56499D73-333B-4667-A123-D44D180429C4}.Release|Mixed Platforms.Build.0 = Release|x86
		{56499D73-333B-4667-A123-D44D180429C4}.Release|x64.ActiveCfg = Release|x64
		{56499D73-333B-4667-A123-D44D180429C4}.Release|x64.Build.0 = Release|x64
		{56499D73-333B-4667-A123-D44D180429C4}.Release|x86.ActiveCfg = Release|x86
		{56499D73-333B-4667-A123-D44D180429C4}.Release|x86.Build.0 = Release|x86
		{56499D73-333B-4667-A123-D44D180429C4}.SingleImage|Any CPU.ActiveCfg = Enterprise anonymous|Any CPU
		{56499D73-333B-4667-A123-D44D180429C4}.SingleImage|Any CPU.Build.0 = Enterprise anonymous|Any CPU
		{56499D73-333B-4667-A123-D44D180429C4}.SingleImage|Mixed Platforms.ActiveCfg = Enterprise anonymous|x86
		{56499D73-333B-4667-A123-D44D180429C4}.SingleImage|Mixed Platforms.Build.0 = Enterprise anonymous|x86
		{56499D73-333B-4667-A123-D44D180429C4}.SingleImage|x64.ActiveCfg = Enterprise anonymous|x64
		{56499D73-333B-4667-A123-D44D180429C4}.SingleImage|x64.Build.0 = Enterprise anonymous|x64
		{56499D73-333B-4667-A123-D44D180429C4}.SingleImage|x86.ActiveCfg = Enterprise anonymous|x86
		{56499D73-333B-4667-A123-D44D180429C4}.SingleImage|x86.Build.0 = Enterprise anonymous|x86
	EndGlobalSection
	GlobalSection(SolutionProperties) = preSolution
		HideSolutionNode = FALSE
	EndGlobalSection
EndGlobal
